// !$*UTF8*$!
{
	archiveVersion = 1;
	classes = {
	};
	objectVersion = 46;
	objects = {

/* Begin PBXBuildFile section */
		10449954184D87B700C58526 /* FontSizeSetting.xib in Resources */ = {isa = PBXBuildFile; fileRef = 10449953184D87B700C58526 /* FontSizeSetting.xib */; };
		10449957184D87E700C58526 /* FontSizeSetting.m in Sources */ = {isa = PBXBuildFile; fileRef = 10449956184D87E700C58526 /* FontSizeSetting.m */; };
		10449959184DA42500C58526 /* ThemeSetting.xib in Resources */ = {isa = PBXBuildFile; fileRef = 10449958184DA42500C58526 /* ThemeSetting.xib */; };
		1044995C184DA5EF00C58526 /* ThemeSetting.m in Sources */ = {isa = PBXBuildFile; fileRef = 1044995B184DA5EF00C58526 /* ThemeSetting.m */; };
		10771DB81849C33500A3B342 /* ReadingScroller.xib in Resources */ = {isa = PBXBuildFile; fileRef = 10771DB71849C33500A3B342 /* ReadingScroller.xib */; };
		10771DBB1849C36500A3B342 /* ReadingScroller.m in Sources */ = {isa = PBXBuildFile; fileRef = 10771DBA1849C36500A3B342 /* ReadingScroller.m */; };
		10771DC21849D0B600A3B342 /* SettingViewController.m in Sources */ = {isa = PBXBuildFile; fileRef = 10771DC11849D0B600A3B342 /* SettingViewController.m */; };
		108D2278184987ED005E6893 /* PoetrySettingCoreData.m in Sources */ = {isa = PBXBuildFile; fileRef = 108D2277184987ED005E6893 /* PoetrySettingCoreData.m */; };
		10AE670A18449E8E00A683E7 /* Poetry.xcdatamodeld in Sources */ = {isa = PBXBuildFile; fileRef = 10AE670818449E8E00A683E7 /* Poetry.xcdatamodeld */; };
		10AE670D18449EA700A683E7 /* PoetryCoreData.m in Sources */ = {isa = PBXBuildFile; fileRef = 10AE670C18449EA700A683E7 /* PoetryCoreData.m */; };
		10AE670F18449F8C00A683E7 /* CoreData.framework in Frameworks */ = {isa = PBXBuildFile; fileRef = 10AE670E18449F8C00A683E7 /* CoreData.framework */; };
		10F88C1018488333009F045D /* SeachViewController.m in Sources */ = {isa = PBXBuildFile; fileRef = 10F88C0F18488333009F045D /* SeachViewController.m */; };
		5CCDD90B185559E300354557 /* 94.txt in Resources */ = {isa = PBXBuildFile; fileRef = 5CCDD90A185559E300354557 /* 94.txt */; };
		5CCDD90D185559EB00354557 /* 95.txt in Resources */ = {isa = PBXBuildFile; fileRef = 5CCDD90C185559EB00354557 /* 95.txt */; };
		5CCDD90F185559F400354557 /* 96.txt in Resources */ = {isa = PBXBuildFile; fileRef = 5CCDD90E185559F400354557 /* 96.txt */; };
		5CCDD911185559FE00354557 /* 97.txt in Resources */ = {isa = PBXBuildFile; fileRef = 5CCDD910185559FE00354557 /* 97.txt */; };
		5CCDD91318555A0800354557 /* 98.txt in Resources */ = {isa = PBXBuildFile; fileRef = 5CCDD91218555A0800354557 /* 98.txt */; };
		5CCDD91518555A0F00354557 /* 99.txt in Resources */ = {isa = PBXBuildFile; fileRef = 5CCDD91418555A0F00354557 /* 99.txt */; };
		5CCDD91718555A1800354557 /* 100.txt in Resources */ = {isa = PBXBuildFile; fileRef = 5CCDD91618555A1800354557 /* 100.txt */; };
		5CCDD91918555A2600354557 /* 101.txt in Resources */ = {isa = PBXBuildFile; fileRef = 5CCDD91818555A2600354557 /* 101.txt */; };
		5CCDD91B18555A2E00354557 /* 102.txt in Resources */ = {isa = PBXBuildFile; fileRef = 5CCDD91A18555A2E00354557 /* 102.txt */; };
		5CCDD91D18555A3800354557 /* 103.txt in Resources */ = {isa = PBXBuildFile; fileRef = 5CCDD91C18555A3800354557 /* 103.txt */; };
		5CCDD91F18555A3F00354557 /* 104.txt in Resources */ = {isa = PBXBuildFile; fileRef = 5CCDD91E18555A3F00354557 /* 104.txt */; };
		5CCDD92118555A4700354557 /* 105.txt in Resources */ = {isa = PBXBuildFile; fileRef = 5CCDD92018555A4700354557 /* 105.txt */; };
		5CCDD92318555A4F00354557 /* 106.txt in Resources */ = {isa = PBXBuildFile; fileRef = 5CCDD92218555A4F00354557 /* 106.txt */; };
		5CCDD92518555A5700354557 /* 107.txt in Resources */ = {isa = PBXBuildFile; fileRef = 5CCDD92418555A5700354557 /* 107.txt */; };
		5CCDD92718555A5D00354557 /* 108.txt in Resources */ = {isa = PBXBuildFile; fileRef = 5CCDD92618555A5D00354557 /* 108.txt */; };
		5CCDD92918555A6500354557 /* 109.txt in Resources */ = {isa = PBXBuildFile; fileRef = 5CCDD92818555A6500354557 /* 109.txt */; };
		5CCDD92B18555A6D00354557 /* 110.txt in Resources */ = {isa = PBXBuildFile; fileRef = 5CCDD92A18555A6D00354557 /* 110.txt */; };
		5CCDD92D18555A7500354557 /* 111.txt in Resources */ = {isa = PBXBuildFile; fileRef = 5CCDD92C18555A7500354557 /* 111.txt */; };
		5CCDD92F18555A7C00354557 /* 112.txt in Resources */ = {isa = PBXBuildFile; fileRef = 5CCDD92E18555A7C00354557 /* 112.txt */; };
		5CCDD93118555A8300354557 /* 113.txt in Resources */ = {isa = PBXBuildFile; fileRef = 5CCDD93018555A8300354557 /* 113.txt */; };
		5CCDD93318555A8A00354557 /* 114.txt in Resources */ = {isa = PBXBuildFile; fileRef = 5CCDD93218555A8A00354557 /* 114.txt */; };
		5CCDD93518555A9100354557 /* 115.txt in Resources */ = {isa = PBXBuildFile; fileRef = 5CCDD93418555A9100354557 /* 115.txt */; };
		5CCDD93718555A9700354557 /* 116.txt in Resources */ = {isa = PBXBuildFile; fileRef = 5CCDD93618555A9700354557 /* 116.txt */; };
		5CCDD93918555A9E00354557 /* 117.txt in Resources */ = {isa = PBXBuildFile; fileRef = 5CCDD93818555A9E00354557 /* 117.txt */; };
		5CCDD93B18555AA200354557 /* 118.txt in Resources */ = {isa = PBXBuildFile; fileRef = 5CCDD93A18555AA200354557 /* 118.txt */; };
		5CCDD93D18555AB900354557 /* 119.txt in Resources */ = {isa = PBXBuildFile; fileRef = 5CCDD93C18555AB900354557 /* 119.txt */; };
		5CCDD93F18555AD700354557 /* 120.txt in Resources */ = {isa = PBXBuildFile; fileRef = 5CCDD93E18555AD700354557 /* 120.txt */; };
		5CCDD94118555ADD00354557 /* 121.txt in Resources */ = {isa = PBXBuildFile; fileRef = 5CCDD94018555ADD00354557 /* 121.txt */; };
		5CCDD94318555AE400354557 /* 122.txt in Resources */ = {isa = PBXBuildFile; fileRef = 5CCDD94218555AE400354557 /* 122.txt */; };
		5CCDD94518555AEB00354557 /* 123.txt in Resources */ = {isa = PBXBuildFile; fileRef = 5CCDD94418555AEB00354557 /* 123.txt */; };
		5CCDD94718555AF200354557 /* 124.txt in Resources */ = {isa = PBXBuildFile; fileRef = 5CCDD94618555AF200354557 /* 124.txt */; };
		5CCDD94918555AF900354557 /* 125.txt in Resources */ = {isa = PBXBuildFile; fileRef = 5CCDD94818555AF900354557 /* 125.txt */; };
		5CCDD94B18555AFF00354557 /* 126.txt in Resources */ = {isa = PBXBuildFile; fileRef = 5CCDD94A18555AFF00354557 /* 126.txt */; };
		5CCDD94D18555B0600354557 /* 127.txt in Resources */ = {isa = PBXBuildFile; fileRef = 5CCDD94C18555B0600354557 /* 127.txt */; };
		5CCDD94F18555B0C00354557 /* 128.txt in Resources */ = {isa = PBXBuildFile; fileRef = 5CCDD94E18555B0C00354557 /* 128.txt */; };
		5CCDD95118555B1400354557 /* 129.txt in Resources */ = {isa = PBXBuildFile; fileRef = 5CCDD95018555B1400354557 /* 129.txt */; };
		5CCDD95318555B1A00354557 /* 130.txt in Resources */ = {isa = PBXBuildFile; fileRef = 5CCDD95218555B1A00354557 /* 130.txt */; };
		5CCDD95518555B2100354557 /* 131.txt in Resources */ = {isa = PBXBuildFile; fileRef = 5CCDD95418555B2100354557 /* 131.txt */; };
		5CCDD95718555B2700354557 /* 132.txt in Resources */ = {isa = PBXBuildFile; fileRef = 5CCDD95618555B2700354557 /* 132.txt */; };
		5CCDD95918555B2D00354557 /* 133.txt in Resources */ = {isa = PBXBuildFile; fileRef = 5CCDD95818555B2D00354557 /* 133.txt */; };
		5CCDD95B18555B3300354557 /* 134.txt in Resources */ = {isa = PBXBuildFile; fileRef = 5CCDD95A18555B3300354557 /* 134.txt */; };
		5CCDD95D18555B3C00354557 /* 135.txt in Resources */ = {isa = PBXBuildFile; fileRef = 5CCDD95C18555B3C00354557 /* 135.txt */; };
		5CCDD95F18555B4500354557 /* 136.txt in Resources */ = {isa = PBXBuildFile; fileRef = 5CCDD95E18555B4500354557 /* 136.txt */; };
		5CCDD96118555B4E00354557 /* 137.txt in Resources */ = {isa = PBXBuildFile; fileRef = 5CCDD96018555B4E00354557 /* 137.txt */; };
		5CCDD96318555B5500354557 /* 138.txt in Resources */ = {isa = PBXBuildFile; fileRef = 5CCDD96218555B5500354557 /* 138.txt */; };
		5CCDD96518555B5B00354557 /* 139.txt in Resources */ = {isa = PBXBuildFile; fileRef = 5CCDD96418555B5B00354557 /* 139.txt */; };
		5CCDD96718555B6200354557 /* 140.txt in Resources */ = {isa = PBXBuildFile; fileRef = 5CCDD96618555B6200354557 /* 140.txt */; };
		5CD255281851709D00930E3A /* 21.txt in Resources */ = {isa = PBXBuildFile; fileRef = 5CD255231851709D00930E3A /* 21.txt */; };
		5CD255291851709D00930E3A /* 22.txt in Resources */ = {isa = PBXBuildFile; fileRef = 5CD255241851709D00930E3A /* 22.txt */; };
		5CD2552A1851709D00930E3A /* 23.txt in Resources */ = {isa = PBXBuildFile; fileRef = 5CD255251851709D00930E3A /* 23.txt */; };
		5CD2552B1851709D00930E3A /* 24.txt in Resources */ = {isa = PBXBuildFile; fileRef = 5CD255261851709D00930E3A /* 24.txt */; };
		5CD2552C1851709D00930E3A /* 25.txt in Resources */ = {isa = PBXBuildFile; fileRef = 5CD255271851709D00930E3A /* 25.txt */; };
		5CD2552E185174C800930E3A /* 26.txt in Resources */ = {isa = PBXBuildFile; fileRef = 5CD2552D185174C800930E3A /* 26.txt */; };
		5CD25530185174FF00930E3A /* 27.txt in Resources */ = {isa = PBXBuildFile; fileRef = 5CD2552F185174FF00930E3A /* 27.txt */; };
		5CD255321851750D00930E3A /* 28.txt in Resources */ = {isa = PBXBuildFile; fileRef = 5CD255311851750D00930E3A /* 28.txt */; };
		5CD255341851751B00930E3A /* 29.txt in Resources */ = {isa = PBXBuildFile; fileRef = 5CD255331851751B00930E3A /* 29.txt */; };
		5CD255361851752500930E3A /* 30.txt in Resources */ = {isa = PBXBuildFile; fileRef = 5CD255351851752500930E3A /* 30.txt */; };
		5CD255381851753200930E3A /* 31.txt in Resources */ = {isa = PBXBuildFile; fileRef = 5CD255371851753200930E3A /* 31.txt */; };
		5CD2553A1851753E00930E3A /* 32.txt in Resources */ = {isa = PBXBuildFile; fileRef = 5CD255391851753E00930E3A /* 32.txt */; };
		5CD2553C1851754B00930E3A /* 33.txt in Resources */ = {isa = PBXBuildFile; fileRef = 5CD2553B1851754B00930E3A /* 33.txt */; };
		5CD2553E1851755B00930E3A /* 34.txt in Resources */ = {isa = PBXBuildFile; fileRef = 5CD2553D1851755B00930E3A /* 34.txt */; };
		5CD25540185179FF00930E3A /* 35.txt in Resources */ = {isa = PBXBuildFile; fileRef = 5CD2553F185179FF00930E3A /* 35.txt */; };
		5CD2554218517A0C00930E3A /* 36.txt in Resources */ = {isa = PBXBuildFile; fileRef = 5CD2554118517A0C00930E3A /* 36.txt */; };
		5CD2554418517A1800930E3A /* 37.txt in Resources */ = {isa = PBXBuildFile; fileRef = 5CD2554318517A1800930E3A /* 37.txt */; };
		5CD2554618517A2300930E3A /* 38.txt in Resources */ = {isa = PBXBuildFile; fileRef = 5CD2554518517A2300930E3A /* 38.txt */; };
		5CD2554818517A3100930E3A /* 39.txt in Resources */ = {isa = PBXBuildFile; fileRef = 5CD2554718517A3100930E3A /* 39.txt */; };
		5CD2554A18517A3C00930E3A /* 40.txt in Resources */ = {isa = PBXBuildFile; fileRef = 5CD2554918517A3C00930E3A /* 40.txt */; };
		5CD2554C18517A4800930E3A /* 41.txt in Resources */ = {isa = PBXBuildFile; fileRef = 5CD2554B18517A4800930E3A /* 41.txt */; };
		5CD2554E18517A5300930E3A /* 42.txt in Resources */ = {isa = PBXBuildFile; fileRef = 5CD2554D18517A5300930E3A /* 42.txt */; };
		5CD2555018517A5E00930E3A /* 43.txt in Resources */ = {isa = PBXBuildFile; fileRef = 5CD2554F18517A5E00930E3A /* 43.txt */; };
		5CD2555218517A7000930E3A /* 44.txt in Resources */ = {isa = PBXBuildFile; fileRef = 5CD2555118517A7000930E3A /* 44.txt */; };
		5CD2555418517A7E00930E3A /* 45.txt in Resources */ = {isa = PBXBuildFile; fileRef = 5CD2555318517A7E00930E3A /* 45.txt */; };
		5CD2555618517A8900930E3A /* 46.txt in Resources */ = {isa = PBXBuildFile; fileRef = 5CD2555518517A8900930E3A /* 46.txt */; };
		5CD2555818517A9600930E3A /* 47.txt in Resources */ = {isa = PBXBuildFile; fileRef = 5CD2555718517A9600930E3A /* 47.txt */; };
		5CD2555A18517AAA00930E3A /* 48.txt in Resources */ = {isa = PBXBuildFile; fileRef = 5CD2555918517AAA00930E3A /* 48.txt */; };
		5CD2555C18517AB600930E3A /* 49.txt in Resources */ = {isa = PBXBuildFile; fileRef = 5CD2555B18517AB600930E3A /* 49.txt */; };
		5CD2555E18517AC300930E3A /* 50.txt in Resources */ = {isa = PBXBuildFile; fileRef = 5CD2555D18517AC300930E3A /* 50.txt */; };
		5CD255601851806100930E3A /* 51.txt in Resources */ = {isa = PBXBuildFile; fileRef = 5CD2555F1851806100930E3A /* 51.txt */; };
		5CD255621851806D00930E3A /* 52.txt in Resources */ = {isa = PBXBuildFile; fileRef = 5CD255611851806D00930E3A /* 52.txt */; };
		5CD255641851807C00930E3A /* 53.txt in Resources */ = {isa = PBXBuildFile; fileRef = 5CD255631851807C00930E3A /* 53.txt */; };
		5CD2556618519CA600930E3A /* 54.txt in Resources */ = {isa = PBXBuildFile; fileRef = 5CD2556518519CA600930E3A /* 54.txt */; };
		5CD2556818519E9C00930E3A /* 55.txt in Resources */ = {isa = PBXBuildFile; fileRef = 5CD2556718519E9C00930E3A /* 55.txt */; };
		5CD2556A18519EAB00930E3A /* 56.txt in Resources */ = {isa = PBXBuildFile; fileRef = 5CD2556918519EAB00930E3A /* 56.txt */; };
		5CD2556C18519EB500930E3A /* 57.txt in Resources */ = {isa = PBXBuildFile; fileRef = 5CD2556B18519EB500930E3A /* 57.txt */; };
		5CD2556E18519EC100930E3A /* 58.txt in Resources */ = {isa = PBXBuildFile; fileRef = 5CD2556D18519EC000930E3A /* 58.txt */; };
		5CD2557018519EE400930E3A /* 59.txt in Resources */ = {isa = PBXBuildFile; fileRef = 5CD2556F18519EE400930E3A /* 59.txt */; };
		5CD2557218519EF000930E3A /* 60.txt in Resources */ = {isa = PBXBuildFile; fileRef = 5CD2557118519EF000930E3A /* 60.txt */; };
		5CD2557418519F0000930E3A /* 61.txt in Resources */ = {isa = PBXBuildFile; fileRef = 5CD2557318519F0000930E3A /* 61.txt */; };
		5CD2557618519F0B00930E3A /* 62.txt in Resources */ = {isa = PBXBuildFile; fileRef = 5CD2557518519F0B00930E3A /* 62.txt */; };
		5CD2557818519F1600930E3A /* 63.txt in Resources */ = {isa = PBXBuildFile; fileRef = 5CD2557718519F1600930E3A /* 63.txt */; };
		5CD2557A18519F2100930E3A /* 64.txt in Resources */ = {isa = PBXBuildFile; fileRef = 5CD2557918519F2100930E3A /* 64.txt */; };
		5CD2557C18519F4300930E3A /* 65.txt in Resources */ = {isa = PBXBuildFile; fileRef = 5CD2557B18519F4300930E3A /* 65.txt */; };
		5CD2557E18519F4D00930E3A /* 66.txt in Resources */ = {isa = PBXBuildFile; fileRef = 5CD2557D18519F4D00930E3A /* 66.txt */; };
		5CD2558018519F5800930E3A /* 67.txt in Resources */ = {isa = PBXBuildFile; fileRef = 5CD2557F18519F5800930E3A /* 67.txt */; };
		5CD2558218519F6200930E3A /* 68.txt in Resources */ = {isa = PBXBuildFile; fileRef = 5CD2558118519F6200930E3A /* 68.txt */; };
		5CD2558418519F6C00930E3A /* 69.txt in Resources */ = {isa = PBXBuildFile; fileRef = 5CD2558318519F6C00930E3A /* 69.txt */; };
		5CD2558618519F7800930E3A /* 70.txt in Resources */ = {isa = PBXBuildFile; fileRef = 5CD2558518519F7800930E3A /* 70.txt */; };
		5CD255881851A2D100930E3A /* 71.txt in Resources */ = {isa = PBXBuildFile; fileRef = 5CD255871851A2D100930E3A /* 71.txt */; };
		5CD2558A1851A2DC00930E3A /* 72.txt in Resources */ = {isa = PBXBuildFile; fileRef = 5CD255891851A2DC00930E3A /* 72.txt */; };
		5CD2558C1851A2E600930E3A /* 73.txt in Resources */ = {isa = PBXBuildFile; fileRef = 5CD2558B1851A2E600930E3A /* 73.txt */; };
		5CD2558E1851A2F000930E3A /* 74.txt in Resources */ = {isa = PBXBuildFile; fileRef = 5CD2558D1851A2F000930E3A /* 74.txt */; };
		5CD255901851A30C00930E3A /* 75.txt in Resources */ = {isa = PBXBuildFile; fileRef = 5CD2558F1851A30C00930E3A /* 75.txt */; };
		5CD255921851A31600930E3A /* 76.txt in Resources */ = {isa = PBXBuildFile; fileRef = 5CD255911851A31600930E3A /* 76.txt */; };
		5CD255941851A32100930E3A /* 77.txt in Resources */ = {isa = PBXBuildFile; fileRef = 5CD255931851A32100930E3A /* 77.txt */; };
		5CD255961851A32C00930E3A /* 78.txt in Resources */ = {isa = PBXBuildFile; fileRef = 5CD255951851A32C00930E3A /* 78.txt */; };
		5CD255981851A33900930E3A /* 79.txt in Resources */ = {isa = PBXBuildFile; fileRef = 5CD255971851A33900930E3A /* 79.txt */; };
		5CD2559A1851A34200930E3A /* 80.txt in Resources */ = {isa = PBXBuildFile; fileRef = 5CD255991851A34200930E3A /* 80.txt */; };
		5CD2559E1851A5C200930E3A /* 718.txt in Resources */ = {isa = PBXBuildFile; fileRef = 5CD2559D1851A5C200930E3A /* 718.txt */; };
		5CD255A01851A5CE00930E3A /* 719.txt in Resources */ = {isa = PBXBuildFile; fileRef = 5CD2559F1851A5CE00930E3A /* 719.txt */; };
		5CD255A21851A5D900930E3A /* 720.txt in Resources */ = {isa = PBXBuildFile; fileRef = 5CD255A11851A5D900930E3A /* 720.txt */; };
		5CD255A41851A5EA00930E3A /* 721.txt in Resources */ = {isa = PBXBuildFile; fileRef = 5CD255A31851A5EA00930E3A /* 721.txt */; };
		5CD255A61851A5F400930E3A /* 722.txt in Resources */ = {isa = PBXBuildFile; fileRef = 5CD255A51851A5F400930E3A /* 722.txt */; };
		5CD255A81851A70200930E3A /* 717.txt in Resources */ = {isa = PBXBuildFile; fileRef = 5CD255A71851A70200930E3A /* 717.txt */; };
		5CD255AA1851BFB400930E3A /* 81.txt in Resources */ = {isa = PBXBuildFile; fileRef = 5CD255A91851BFB400930E3A /* 81.txt */; };
		5CD255AC1851BFBC00930E3A /* 82.txt in Resources */ = {isa = PBXBuildFile; fileRef = 5CD255AB1851BFBC00930E3A /* 82.txt */; };
		5CD255AE1851BFC400930E3A /* 83.txt in Resources */ = {isa = PBXBuildFile; fileRef = 5CD255AD1851BFC400930E3A /* 83.txt */; };
		5CD255B01851BFCC00930E3A /* 84.txt in Resources */ = {isa = PBXBuildFile; fileRef = 5CD255AF1851BFCC00930E3A /* 84.txt */; };
		5CD255B21851BFD400930E3A /* 85.txt in Resources */ = {isa = PBXBuildFile; fileRef = 5CD255B11851BFD400930E3A /* 85.txt */; };
		5CD255B41851BFDC00930E3A /* 86.txt in Resources */ = {isa = PBXBuildFile; fileRef = 5CD255B31851BFDC00930E3A /* 86.txt */; };
		5CD255B61851BFE300930E3A /* 87.txt in Resources */ = {isa = PBXBuildFile; fileRef = 5CD255B51851BFE300930E3A /* 87.txt */; };
		5CD255B81851BFEA00930E3A /* 88.txt in Resources */ = {isa = PBXBuildFile; fileRef = 5CD255B71851BFEA00930E3A /* 88.txt */; };
		5CD255BA1851BFF200930E3A /* 89.txt in Resources */ = {isa = PBXBuildFile; fileRef = 5CD255B91851BFF200930E3A /* 89.txt */; };
		5CD255BC1851BFFD00930E3A /* 90.txt in Resources */ = {isa = PBXBuildFile; fileRef = 5CD255BB1851BFFD00930E3A /* 90.txt */; };
		5CD255BE1851C00600930E3A /* 91.txt in Resources */ = {isa = PBXBuildFile; fileRef = 5CD255BD1851C00600930E3A /* 91.txt */; };
		5CD255C01851C00E00930E3A /* 92.txt in Resources */ = {isa = PBXBuildFile; fileRef = 5CD255BF1851C00E00930E3A /* 92.txt */; };
		5CD255C21851C01700930E3A /* 93.txt in Resources */ = {isa = PBXBuildFile; fileRef = 5CD255C11851C01700930E3A /* 93.txt */; };
		CB25FD0D1843972D00F3D980 /* Foundation.framework in Frameworks */ = {isa = PBXBuildFile; fileRef = CB25FD0C1843972D00F3D980 /* Foundation.framework */; };
		CB25FD0F1843972D00F3D980 /* CoreGraphics.framework in Frameworks */ = {isa = PBXBuildFile; fileRef = CB25FD0E1843972D00F3D980 /* CoreGraphics.framework */; };
		CB25FD111843972D00F3D980 /* UIKit.framework in Frameworks */ = {isa = PBXBuildFile; fileRef = CB25FD101843972D00F3D980 /* UIKit.framework */; };
		CB25FD171843972D00F3D980 /* InfoPlist.strings in Resources */ = {isa = PBXBuildFile; fileRef = CB25FD151843972D00F3D980 /* InfoPlist.strings */; };
		CB25FD191843972D00F3D980 /* main.m in Sources */ = {isa = PBXBuildFile; fileRef = CB25FD181843972D00F3D980 /* main.m */; };
		CB25FD1D1843972D00F3D980 /* PoetryAppDelegate.m in Sources */ = {isa = PBXBuildFile; fileRef = CB25FD1C1843972D00F3D980 /* PoetryAppDelegate.m */; };
		CB25FD201843972D00F3D980 /* Main_iPhone.storyboard in Resources */ = {isa = PBXBuildFile; fileRef = CB25FD1E1843972D00F3D980 /* Main_iPhone.storyboard */; };
		CB25FD231843972D00F3D980 /* Main_iPad.storyboard in Resources */ = {isa = PBXBuildFile; fileRef = CB25FD211843972D00F3D980 /* Main_iPad.storyboard */; };
		CB25FD261843972D00F3D980 /* PoetryViewController.m in Sources */ = {isa = PBXBuildFile; fileRef = CB25FD251843972D00F3D980 /* PoetryViewController.m */; };
		CB25FD281843972D00F3D980 /* Images.xcassets in Resources */ = {isa = PBXBuildFile; fileRef = CB25FD271843972D00F3D980 /* Images.xcassets */; };
		CB25FD2F1843972D00F3D980 /* XCTest.framework in Frameworks */ = {isa = PBXBuildFile; fileRef = CB25FD2E1843972D00F3D980 /* XCTest.framework */; };
		CB25FD301843972D00F3D980 /* Foundation.framework in Frameworks */ = {isa = PBXBuildFile; fileRef = CB25FD0C1843972D00F3D980 /* Foundation.framework */; };
		CB25FD311843972D00F3D980 /* UIKit.framework in Frameworks */ = {isa = PBXBuildFile; fileRef = CB25FD101843972D00F3D980 /* UIKit.framework */; };
		CB25FD391843972D00F3D980 /* InfoPlist.strings in Resources */ = {isa = PBXBuildFile; fileRef = CB25FD371843972D00F3D980 /* InfoPlist.strings */; };
		CB25FD3B1843972D00F3D980 /* poetryappsTests.m in Sources */ = {isa = PBXBuildFile; fileRef = CB25FD3A1843972D00F3D980 /* poetryappsTests.m */; };
		CB26ADF3184C2D3200091BF1 /* Guidepicker.m in Sources */ = {isa = PBXBuildFile; fileRef = CB26ADF2184C2D3200091BF1 /* Guidepicker.m */; };
		CB26ADF7184C3CC400091BF1 /* Responsepicker.m in Sources */ = {isa = PBXBuildFile; fileRef = CB26ADF6184C3CC400091BF1 /* Responsepicker.m */; };
		CB26ADFA184C786A00091BF1 /* GotoTableViewController.m in Sources */ = {isa = PBXBuildFile; fileRef = CB26ADF9184C786A00091BF1 /* GotoTableViewController.m */; };
		CB381FB41849B056000ECB84 /* GotoTable.m in Sources */ = {isa = PBXBuildFile; fileRef = CB381FB01849B056000ECB84 /* GotoTable.m */; };
		CB381FB51849B056000ECB84 /* GotoTable.xib in Resources */ = {isa = PBXBuildFile; fileRef = CB381FB11849B056000ECB84 /* GotoTable.xib */; };
		CB381FB61849B056000ECB84 /* GotoViewController.m in Sources */ = {isa = PBXBuildFile; fileRef = CB381FB31849B056000ECB84 /* GotoViewController.m */; };
		CB381FBA1849BD5A000ECB84 /* ReadingViewController.m in Sources */ = {isa = PBXBuildFile; fileRef = CB381FB91849BD5A000ECB84 /* ReadingViewController.m */; };
		CBA286CC184D753A00010125 /* GotoTableCell.m in Sources */ = {isa = PBXBuildFile; fileRef = CBA286CB184D753A00010125 /* GotoTableCell.m */; };
		CBA286D0184DCF4A00010125 /* 1.txt in Resources */ = {isa = PBXBuildFile; fileRef = CBA286CE184DCF4A00010125 /* 1.txt */; };
		CBA286D1184DCF4A00010125 /* 2.txt in Resources */ = {isa = PBXBuildFile; fileRef = CBA286CF184DCF4A00010125 /* 2.txt */; };
		CBD51BD11850DCEE005A15D0 /* 6.txt in Resources */ = {isa = PBXBuildFile; fileRef = CBD51BCC1850DCEE005A15D0 /* 6.txt */; };
		CBD51BD21850DCEE005A15D0 /* 7.txt in Resources */ = {isa = PBXBuildFile; fileRef = CBD51BCD1850DCEE005A15D0 /* 7.txt */; };
		CBD51BD31850DCEE005A15D0 /* 8.txt in Resources */ = {isa = PBXBuildFile; fileRef = CBD51BCE1850DCEE005A15D0 /* 8.txt */; };
		CBD51BD41850DCEE005A15D0 /* 9.txt in Resources */ = {isa = PBXBuildFile; fileRef = CBD51BCF1850DCEE005A15D0 /* 9.txt */; };
		CBD51BD51850DCEE005A15D0 /* 10.txt in Resources */ = {isa = PBXBuildFile; fileRef = CBD51BD01850DCEE005A15D0 /* 10.txt */; };
		CBD51BD71850DFCC005A15D0 /* 11.txt in Resources */ = {isa = PBXBuildFile; fileRef = CBD51BD61850DFCC005A15D0 /* 11.txt */; };
		CBD51BD91850DFEC005A15D0 /* 12.txt in Resources */ = {isa = PBXBuildFile; fileRef = CBD51BD81850DFEC005A15D0 /* 12.txt */; };
		CBD51BDB1850E015005A15D0 /* 13.txt in Resources */ = {isa = PBXBuildFile; fileRef = CBD51BDA1850E015005A15D0 /* 13.txt */; };
		CBD51BDD1850E03B005A15D0 /* 14.txt in Resources */ = {isa = PBXBuildFile; fileRef = CBD51BDC1850E03B005A15D0 /* 14.txt */; };
		CBD51BDF1850E05D005A15D0 /* 15.txt in Resources */ = {isa = PBXBuildFile; fileRef = CBD51BDE1850E05D005A15D0 /* 15.txt */; };
		CBD51BE11850E083005A15D0 /* 16.txt in Resources */ = {isa = PBXBuildFile; fileRef = CBD51BE01850E083005A15D0 /* 16.txt */; };
		CBD51BE31850E0A1005A15D0 /* 17.txt in Resources */ = {isa = PBXBuildFile; fileRef = CBD51BE21850E0A1005A15D0 /* 17.txt */; };
		CBD51BE51850E0C0005A15D0 /* 18.txt in Resources */ = {isa = PBXBuildFile; fileRef = CBD51BE41850E0C0005A15D0 /* 18.txt */; };
		CBD51BE71850E0E9005A15D0 /* 19.txt in Resources */ = {isa = PBXBuildFile; fileRef = CBD51BE61850E0E9005A15D0 /* 19.txt */; };
		CBD51BE91850E104005A15D0 /* 20.txt in Resources */ = {isa = PBXBuildFile; fileRef = CBD51BE81850E104005A15D0 /* 20.txt */; };
		CBF19520184AF1190062FC00 /* Poetrypicker.m in Sources */ = {isa = PBXBuildFile; fileRef = CBF1951F184AF1190062FC00 /* Poetrypicker.m */; };
		CBF7262E18501EAF003C70AB /* 3.txt in Resources */ = {isa = PBXBuildFile; fileRef = CBF7262B18501EAF003C70AB /* 3.txt */; };
		CBF7262F18501EAF003C70AB /* 4.txt in Resources */ = {isa = PBXBuildFile; fileRef = CBF7262C18501EAF003C70AB /* 4.txt */; };
		CBF7263018501EAF003C70AB /* 5.txt in Resources */ = {isa = PBXBuildFile; fileRef = CBF7262D18501EAF003C70AB /* 5.txt */; };
/* End PBXBuildFile section */

/* Begin PBXContainerItemProxy section */
		CB25FD321843972D00F3D980 /* PBXContainerItemProxy */ = {
			isa = PBXContainerItemProxy;
			containerPortal = CB25FD011843972D00F3D980 /* Project object */;
			proxyType = 1;
			remoteGlobalIDString = CB25FD081843972D00F3D980;
			remoteInfo = poetryapps;
		};
/* End PBXContainerItemProxy section */

/* Begin PBXFileReference section */
		10449953184D87B700C58526 /* FontSizeSetting.xib */ = {isa = PBXFileReference; fileEncoding = 4; lastKnownFileType = file.xib; path = FontSizeSetting.xib; sourceTree = "<group>"; };
		10449955184D87E700C58526 /* FontSizeSetting.h */ = {isa = PBXFileReference; fileEncoding = 4; lastKnownFileType = sourcecode.c.h; path = FontSizeSetting.h; sourceTree = "<group>"; };
		10449956184D87E700C58526 /* FontSizeSetting.m */ = {isa = PBXFileReference; fileEncoding = 4; lastKnownFileType = sourcecode.c.objc; path = FontSizeSetting.m; sourceTree = "<group>"; };
		10449958184DA42500C58526 /* ThemeSetting.xib */ = {isa = PBXFileReference; fileEncoding = 4; lastKnownFileType = file.xib; path = ThemeSetting.xib; sourceTree = "<group>"; };
		1044995A184DA5EF00C58526 /* ThemeSetting.h */ = {isa = PBXFileReference; fileEncoding = 4; lastKnownFileType = sourcecode.c.h; path = ThemeSetting.h; sourceTree = "<group>"; };
		1044995B184DA5EF00C58526 /* ThemeSetting.m */ = {isa = PBXFileReference; fileEncoding = 4; lastKnownFileType = sourcecode.c.objc; path = ThemeSetting.m; sourceTree = "<group>"; };
		10771DB71849C33500A3B342 /* ReadingScroller.xib */ = {isa = PBXFileReference; fileEncoding = 4; lastKnownFileType = file.xib; path = ReadingScroller.xib; sourceTree = "<group>"; };
		10771DB91849C36500A3B342 /* ReadingScroller.h */ = {isa = PBXFileReference; fileEncoding = 4; lastKnownFileType = sourcecode.c.h; path = ReadingScroller.h; sourceTree = "<group>"; };
		10771DBA1849C36500A3B342 /* ReadingScroller.m */ = {isa = PBXFileReference; fileEncoding = 4; lastKnownFileType = sourcecode.c.objc; path = ReadingScroller.m; sourceTree = "<group>"; };
		10771DC01849D0B600A3B342 /* SettingViewController.h */ = {isa = PBXFileReference; fileEncoding = 4; lastKnownFileType = sourcecode.c.h; path = SettingViewController.h; sourceTree = "<group>"; };
		10771DC11849D0B600A3B342 /* SettingViewController.m */ = {isa = PBXFileReference; fileEncoding = 4; lastKnownFileType = sourcecode.c.objc; path = SettingViewController.m; sourceTree = "<group>"; };
		108D2276184987ED005E6893 /* PoetrySettingCoreData.h */ = {isa = PBXFileReference; fileEncoding = 4; lastKnownFileType = sourcecode.c.h; path = PoetrySettingCoreData.h; sourceTree = "<group>"; };
		108D2277184987ED005E6893 /* PoetrySettingCoreData.m */ = {isa = PBXFileReference; fileEncoding = 4; lastKnownFileType = sourcecode.c.objc; path = PoetrySettingCoreData.m; sourceTree = "<group>"; };
		10AE670918449E8E00A683E7 /* Poetry.xcdatamodel */ = {isa = PBXFileReference; lastKnownFileType = wrapper.xcdatamodel; path = Poetry.xcdatamodel; sourceTree = "<group>"; };
		10AE670B18449EA700A683E7 /* PoetryCoreData.h */ = {isa = PBXFileReference; fileEncoding = 4; lastKnownFileType = sourcecode.c.h; name = PoetryCoreData.h; path = CoreData/PoetryCoreData.h; sourceTree = "<group>"; };
		10AE670C18449EA700A683E7 /* PoetryCoreData.m */ = {isa = PBXFileReference; fileEncoding = 4; lastKnownFileType = sourcecode.c.objc; name = PoetryCoreData.m; path = CoreData/PoetryCoreData.m; sourceTree = "<group>"; };
		10AE670E18449F8C00A683E7 /* CoreData.framework */ = {isa = PBXFileReference; lastKnownFileType = wrapper.framework; name = CoreData.framework; path = System/Library/Frameworks/CoreData.framework; sourceTree = SDKROOT; };
		10F88C0E18488333009F045D /* SeachViewController.h */ = {isa = PBXFileReference; fileEncoding = 4; lastKnownFileType = sourcecode.c.h; path = SeachViewController.h; sourceTree = "<group>"; };
		10F88C0F18488333009F045D /* SeachViewController.m */ = {isa = PBXFileReference; fileEncoding = 4; lastKnownFileType = sourcecode.c.objc; path = SeachViewController.m; sourceTree = "<group>"; };
		5CCDD90A185559E300354557 /* 94.txt */ = {isa = PBXFileReference; fileEncoding = 4; lastKnownFileType = text; path = 94.txt; sourceTree = "<group>"; };
		5CCDD90C185559EB00354557 /* 95.txt */ = {isa = PBXFileReference; fileEncoding = 4; lastKnownFileType = text; path = 95.txt; sourceTree = "<group>"; };
		5CCDD90E185559F400354557 /* 96.txt */ = {isa = PBXFileReference; fileEncoding = 4; lastKnownFileType = text; path = 96.txt; sourceTree = "<group>"; };
		5CCDD910185559FE00354557 /* 97.txt */ = {isa = PBXFileReference; fileEncoding = 4; lastKnownFileType = text; path = 97.txt; sourceTree = "<group>"; };
		5CCDD91218555A0800354557 /* 98.txt */ = {isa = PBXFileReference; fileEncoding = 4; lastKnownFileType = text; path = 98.txt; sourceTree = "<group>"; };
		5CCDD91418555A0F00354557 /* 99.txt */ = {isa = PBXFileReference; fileEncoding = 4; lastKnownFileType = text; path = 99.txt; sourceTree = "<group>"; };
		5CCDD91618555A1800354557 /* 100.txt */ = {isa = PBXFileReference; fileEncoding = 4; lastKnownFileType = text; path = 100.txt; sourceTree = "<group>"; };
		5CCDD91818555A2600354557 /* 101.txt */ = {isa = PBXFileReference; fileEncoding = 4; lastKnownFileType = text; path = 101.txt; sourceTree = "<group>"; };
		5CCDD91A18555A2E00354557 /* 102.txt */ = {isa = PBXFileReference; fileEncoding = 4; lastKnownFileType = text; path = 102.txt; sourceTree = "<group>"; };
		5CCDD91C18555A3800354557 /* 103.txt */ = {isa = PBXFileReference; fileEncoding = 4; lastKnownFileType = text; path = 103.txt; sourceTree = "<group>"; };
		5CCDD91E18555A3F00354557 /* 104.txt */ = {isa = PBXFileReference; fileEncoding = 4; lastKnownFileType = text; path = 104.txt; sourceTree = "<group>"; };
		5CCDD92018555A4700354557 /* 105.txt */ = {isa = PBXFileReference; fileEncoding = 4; lastKnownFileType = text; path = 105.txt; sourceTree = "<group>"; };
		5CCDD92218555A4F00354557 /* 106.txt */ = {isa = PBXFileReference; fileEncoding = 4; lastKnownFileType = text; path = 106.txt; sourceTree = "<group>"; };
		5CCDD92418555A5700354557 /* 107.txt */ = {isa = PBXFileReference; fileEncoding = 4; lastKnownFileType = text; path = 107.txt; sourceTree = "<group>"; };
		5CCDD92618555A5D00354557 /* 108.txt */ = {isa = PBXFileReference; fileEncoding = 4; lastKnownFileType = text; path = 108.txt; sourceTree = "<group>"; };
		5CCDD92818555A6500354557 /* 109.txt */ = {isa = PBXFileReference; fileEncoding = 4; lastKnownFileType = text; path = 109.txt; sourceTree = "<group>"; };
		5CCDD92A18555A6D00354557 /* 110.txt */ = {isa = PBXFileReference; fileEncoding = 4; lastKnownFileType = text; path = 110.txt; sourceTree = "<group>"; };
		5CCDD92C18555A7500354557 /* 111.txt */ = {isa = PBXFileReference; fileEncoding = 4; lastKnownFileType = text; path = 111.txt; sourceTree = "<group>"; };
		5CCDD92E18555A7C00354557 /* 112.txt */ = {isa = PBXFileReference; fileEncoding = 4; lastKnownFileType = text; path = 112.txt; sourceTree = "<group>"; };
		5CCDD93018555A8300354557 /* 113.txt */ = {isa = PBXFileReference; fileEncoding = 4; lastKnownFileType = text; path = 113.txt; sourceTree = "<group>"; };
		5CCDD93218555A8A00354557 /* 114.txt */ = {isa = PBXFileReference; fileEncoding = 4; lastKnownFileType = text; path = 114.txt; sourceTree = "<group>"; };
		5CCDD93418555A9100354557 /* 115.txt */ = {isa = PBXFileReference; fileEncoding = 4; lastKnownFileType = text; path = 115.txt; sourceTree = "<group>"; };
		5CCDD93618555A9700354557 /* 116.txt */ = {isa = PBXFileReference; fileEncoding = 4; lastKnownFileType = text; path = 116.txt; sourceTree = "<group>"; };
		5CCDD93818555A9E00354557 /* 117.txt */ = {isa = PBXFileReference; fileEncoding = 4; lastKnownFileType = text; path = 117.txt; sourceTree = "<group>"; };
		5CCDD93A18555AA200354557 /* 118.txt */ = {isa = PBXFileReference; fileEncoding = 4; lastKnownFileType = text; path = 118.txt; sourceTree = "<group>"; };
		5CCDD93C18555AB900354557 /* 119.txt */ = {isa = PBXFileReference; fileEncoding = 4; lastKnownFileType = text; path = 119.txt; sourceTree = "<group>"; };
		5CCDD93E18555AD700354557 /* 120.txt */ = {isa = PBXFileReference; fileEncoding = 4; lastKnownFileType = text; path = 120.txt; sourceTree = "<group>"; };
		5CCDD94018555ADD00354557 /* 121.txt */ = {isa = PBXFileReference; fileEncoding = 4; lastKnownFileType = text; path = 121.txt; sourceTree = "<group>"; };
		5CCDD94218555AE400354557 /* 122.txt */ = {isa = PBXFileReference; fileEncoding = 4; lastKnownFileType = text; path = 122.txt; sourceTree = "<group>"; };
		5CCDD94418555AEB00354557 /* 123.txt */ = {isa = PBXFileReference; fileEncoding = 4; lastKnownFileType = text; path = 123.txt; sourceTree = "<group>"; };
		5CCDD94618555AF200354557 /* 124.txt */ = {isa = PBXFileReference; fileEncoding = 4; lastKnownFileType = text; path = 124.txt; sourceTree = "<group>"; };
		5CCDD94818555AF900354557 /* 125.txt */ = {isa = PBXFileReference; fileEncoding = 4; lastKnownFileType = text; path = 125.txt; sourceTree = "<group>"; };
		5CCDD94A18555AFF00354557 /* 126.txt */ = {isa = PBXFileReference; fileEncoding = 4; lastKnownFileType = text; path = 126.txt; sourceTree = "<group>"; };
		5CCDD94C18555B0600354557 /* 127.txt */ = {isa = PBXFileReference; fileEncoding = 4; lastKnownFileType = text; path = 127.txt; sourceTree = "<group>"; };
		5CCDD94E18555B0C00354557 /* 128.txt */ = {isa = PBXFileReference; fileEncoding = 4; lastKnownFileType = text; path = 128.txt; sourceTree = "<group>"; };
		5CCDD95018555B1400354557 /* 129.txt */ = {isa = PBXFileReference; fileEncoding = 4; lastKnownFileType = text; path = 129.txt; sourceTree = "<group>"; };
		5CCDD95218555B1A00354557 /* 130.txt */ = {isa = PBXFileReference; fileEncoding = 4; lastKnownFileType = text; path = 130.txt; sourceTree = "<group>"; };
		5CCDD95418555B2100354557 /* 131.txt */ = {isa = PBXFileReference; fileEncoding = 4; lastKnownFileType = text; path = 131.txt; sourceTree = "<group>"; };
		5CCDD95618555B2700354557 /* 132.txt */ = {isa = PBXFileReference; fileEncoding = 4; lastKnownFileType = text; path = 132.txt; sourceTree = "<group>"; };
		5CCDD95818555B2D00354557 /* 133.txt */ = {isa = PBXFileReference; fileEncoding = 4; lastKnownFileType = text; path = 133.txt; sourceTree = "<group>"; };
		5CCDD95A18555B3300354557 /* 134.txt */ = {isa = PBXFileReference; fileEncoding = 4; lastKnownFileType = text; path = 134.txt; sourceTree = "<group>"; };
		5CCDD95C18555B3C00354557 /* 135.txt */ = {isa = PBXFileReference; fileEncoding = 4; lastKnownFileType = text; path = 135.txt; sourceTree = "<group>"; };
		5CCDD95E18555B4500354557 /* 136.txt */ = {isa = PBXFileReference; fileEncoding = 4; lastKnownFileType = text; path = 136.txt; sourceTree = "<group>"; };
		5CCDD96018555B4E00354557 /* 137.txt */ = {isa = PBXFileReference; fileEncoding = 4; lastKnownFileType = text; path = 137.txt; sourceTree = "<group>"; };
		5CCDD96218555B5500354557 /* 138.txt */ = {isa = PBXFileReference; fileEncoding = 4; lastKnownFileType = text; path = 138.txt; sourceTree = "<group>"; };
		5CCDD96418555B5B00354557 /* 139.txt */ = {isa = PBXFileReference; fileEncoding = 4; lastKnownFileType = text; path = 139.txt; sourceTree = "<group>"; };
		5CCDD96618555B6200354557 /* 140.txt */ = {isa = PBXFileReference; fileEncoding = 4; lastKnownFileType = text; path = 140.txt; sourceTree = "<group>"; };
		5CD255231851709D00930E3A /* 21.txt */ = {isa = PBXFileReference; fileEncoding = 4; lastKnownFileType = text; path = 21.txt; sourceTree = "<group>"; };
		5CD255241851709D00930E3A /* 22.txt */ = {isa = PBXFileReference; fileEncoding = 4; lastKnownFileType = text; path = 22.txt; sourceTree = "<group>"; };
		5CD255251851709D00930E3A /* 23.txt */ = {isa = PBXFileReference; fileEncoding = 4; lastKnownFileType = text; path = 23.txt; sourceTree = "<group>"; };
		5CD255261851709D00930E3A /* 24.txt */ = {isa = PBXFileReference; fileEncoding = 4; lastKnownFileType = text; path = 24.txt; sourceTree = "<group>"; };
		5CD255271851709D00930E3A /* 25.txt */ = {isa = PBXFileReference; fileEncoding = 4; lastKnownFileType = text; path = 25.txt; sourceTree = "<group>"; };
		5CD2552D185174C800930E3A /* 26.txt */ = {isa = PBXFileReference; fileEncoding = 4; lastKnownFileType = text; path = 26.txt; sourceTree = "<group>"; };
		5CD2552F185174FF00930E3A /* 27.txt */ = {isa = PBXFileReference; fileEncoding = 4; lastKnownFileType = text; path = 27.txt; sourceTree = "<group>"; };
		5CD255311851750D00930E3A /* 28.txt */ = {isa = PBXFileReference; fileEncoding = 4; lastKnownFileType = text; path = 28.txt; sourceTree = "<group>"; };
		5CD255331851751B00930E3A /* 29.txt */ = {isa = PBXFileReference; fileEncoding = 4; lastKnownFileType = text; path = 29.txt; sourceTree = "<group>"; };
		5CD255351851752500930E3A /* 30.txt */ = {isa = PBXFileReference; fileEncoding = 4; lastKnownFileType = text; path = 30.txt; sourceTree = "<group>"; };
		5CD255371851753200930E3A /* 31.txt */ = {isa = PBXFileReference; fileEncoding = 4; lastKnownFileType = text; path = 31.txt; sourceTree = "<group>"; };
		5CD255391851753E00930E3A /* 32.txt */ = {isa = PBXFileReference; fileEncoding = 4; lastKnownFileType = text; path = 32.txt; sourceTree = "<group>"; };
		5CD2553B1851754B00930E3A /* 33.txt */ = {isa = PBXFileReference; fileEncoding = 4; lastKnownFileType = text; path = 33.txt; sourceTree = "<group>"; };
		5CD2553D1851755B00930E3A /* 34.txt */ = {isa = PBXFileReference; fileEncoding = 4; lastKnownFileType = text; path = 34.txt; sourceTree = "<group>"; };
		5CD2553F185179FF00930E3A /* 35.txt */ = {isa = PBXFileReference; fileEncoding = 4; lastKnownFileType = text; path = 35.txt; sourceTree = "<group>"; };
		5CD2554118517A0C00930E3A /* 36.txt */ = {isa = PBXFileReference; fileEncoding = 4; lastKnownFileType = text; path = 36.txt; sourceTree = "<group>"; };
		5CD2554318517A1800930E3A /* 37.txt */ = {isa = PBXFileReference; fileEncoding = 4; lastKnownFileType = text; path = 37.txt; sourceTree = "<group>"; };
		5CD2554518517A2300930E3A /* 38.txt */ = {isa = PBXFileReference; fileEncoding = 4; lastKnownFileType = text; path = 38.txt; sourceTree = "<group>"; };
		5CD2554718517A3100930E3A /* 39.txt */ = {isa = PBXFileReference; fileEncoding = 4; lastKnownFileType = text; path = 39.txt; sourceTree = "<group>"; };
		5CD2554918517A3C00930E3A /* 40.txt */ = {isa = PBXFileReference; fileEncoding = 4; lastKnownFileType = text; path = 40.txt; sourceTree = "<group>"; };
		5CD2554B18517A4800930E3A /* 41.txt */ = {isa = PBXFileReference; fileEncoding = 4; lastKnownFileType = text; path = 41.txt; sourceTree = "<group>"; };
		5CD2554D18517A5300930E3A /* 42.txt */ = {isa = PBXFileReference; fileEncoding = 4; lastKnownFileType = text; path = 42.txt; sourceTree = "<group>"; };
		5CD2554F18517A5E00930E3A /* 43.txt */ = {isa = PBXFileReference; fileEncoding = 4; lastKnownFileType = text; path = 43.txt; sourceTree = "<group>"; };
		5CD2555118517A7000930E3A /* 44.txt */ = {isa = PBXFileReference; fileEncoding = 4; lastKnownFileType = text; path = 44.txt; sourceTree = "<group>"; };
		5CD2555318517A7E00930E3A /* 45.txt */ = {isa = PBXFileReference; fileEncoding = 4; lastKnownFileType = text; path = 45.txt; sourceTree = "<group>"; };
		5CD2555518517A8900930E3A /* 46.txt */ = {isa = PBXFileReference; fileEncoding = 4; lastKnownFileType = text; path = 46.txt; sourceTree = "<group>"; };
		5CD2555718517A9600930E3A /* 47.txt */ = {isa = PBXFileReference; fileEncoding = 4; lastKnownFileType = text; path = 47.txt; sourceTree = "<group>"; };
		5CD2555918517AAA00930E3A /* 48.txt */ = {isa = PBXFileReference; fileEncoding = 4; lastKnownFileType = text; path = 48.txt; sourceTree = "<group>"; };
		5CD2555B18517AB600930E3A /* 49.txt */ = {isa = PBXFileReference; fileEncoding = 4; lastKnownFileType = text; path = 49.txt; sourceTree = "<group>"; };
		5CD2555D18517AC300930E3A /* 50.txt */ = {isa = PBXFileReference; fileEncoding = 4; lastKnownFileType = text; path = 50.txt; sourceTree = "<group>"; };
		5CD2555F1851806100930E3A /* 51.txt */ = {isa = PBXFileReference; fileEncoding = 4; lastKnownFileType = text; path = 51.txt; sourceTree = "<group>"; };
		5CD255611851806D00930E3A /* 52.txt */ = {isa = PBXFileReference; fileEncoding = 4; lastKnownFileType = text; path = 52.txt; sourceTree = "<group>"; };
		5CD255631851807C00930E3A /* 53.txt */ = {isa = PBXFileReference; fileEncoding = 4; lastKnownFileType = text; path = 53.txt; sourceTree = "<group>"; };
		5CD2556518519CA600930E3A /* 54.txt */ = {isa = PBXFileReference; fileEncoding = 4; lastKnownFileType = text; path = 54.txt; sourceTree = "<group>"; };
		5CD2556718519E9C00930E3A /* 55.txt */ = {isa = PBXFileReference; fileEncoding = 4; lastKnownFileType = text; path = 55.txt; sourceTree = "<group>"; };
		5CD2556918519EAB00930E3A /* 56.txt */ = {isa = PBXFileReference; fileEncoding = 4; lastKnownFileType = text; path = 56.txt; sourceTree = "<group>"; };
		5CD2556B18519EB500930E3A /* 57.txt */ = {isa = PBXFileReference; fileEncoding = 4; lastKnownFileType = text; path = 57.txt; sourceTree = "<group>"; };
		5CD2556D18519EC000930E3A /* 58.txt */ = {isa = PBXFileReference; fileEncoding = 4; lastKnownFileType = text; path = 58.txt; sourceTree = "<group>"; };
		5CD2556F18519EE400930E3A /* 59.txt */ = {isa = PBXFileReference; fileEncoding = 4; lastKnownFileType = text; path = 59.txt; sourceTree = "<group>"; };
		5CD2557118519EF000930E3A /* 60.txt */ = {isa = PBXFileReference; fileEncoding = 4; lastKnownFileType = text; path = 60.txt; sourceTree = "<group>"; };
		5CD2557318519F0000930E3A /* 61.txt */ = {isa = PBXFileReference; fileEncoding = 4; lastKnownFileType = text; path = 61.txt; sourceTree = "<group>"; };
		5CD2557518519F0B00930E3A /* 62.txt */ = {isa = PBXFileReference; fileEncoding = 4; lastKnownFileType = text; path = 62.txt; sourceTree = "<group>"; };
		5CD2557718519F1600930E3A /* 63.txt */ = {isa = PBXFileReference; fileEncoding = 4; lastKnownFileType = text; path = 63.txt; sourceTree = "<group>"; };
		5CD2557918519F2100930E3A /* 64.txt */ = {isa = PBXFileReference; fileEncoding = 4; lastKnownFileType = text; path = 64.txt; sourceTree = "<group>"; };
		5CD2557B18519F4300930E3A /* 65.txt */ = {isa = PBXFileReference; fileEncoding = 4; lastKnownFileType = text; path = 65.txt; sourceTree = "<group>"; };
		5CD2557D18519F4D00930E3A /* 66.txt */ = {isa = PBXFileReference; fileEncoding = 4; lastKnownFileType = text; path = 66.txt; sourceTree = "<group>"; };
		5CD2557F18519F5800930E3A /* 67.txt */ = {isa = PBXFileReference; fileEncoding = 4; lastKnownFileType = text; path = 67.txt; sourceTree = "<group>"; };
		5CD2558118519F6200930E3A /* 68.txt */ = {isa = PBXFileReference; fileEncoding = 4; lastKnownFileType = text; path = 68.txt; sourceTree = "<group>"; };
		5CD2558318519F6C00930E3A /* 69.txt */ = {isa = PBXFileReference; fileEncoding = 4; lastKnownFileType = text; path = 69.txt; sourceTree = "<group>"; };
		5CD2558518519F7800930E3A /* 70.txt */ = {isa = PBXFileReference; fileEncoding = 4; lastKnownFileType = text; path = 70.txt; sourceTree = "<group>"; };
		5CD255871851A2D100930E3A /* 71.txt */ = {isa = PBXFileReference; fileEncoding = 4; lastKnownFileType = text; path = 71.txt; sourceTree = "<group>"; };
		5CD255891851A2DC00930E3A /* 72.txt */ = {isa = PBXFileReference; fileEncoding = 4; lastKnownFileType = text; path = 72.txt; sourceTree = "<group>"; };
		5CD2558B1851A2E600930E3A /* 73.txt */ = {isa = PBXFileReference; fileEncoding = 4; lastKnownFileType = text; path = 73.txt; sourceTree = "<group>"; };
		5CD2558D1851A2F000930E3A /* 74.txt */ = {isa = PBXFileReference; fileEncoding = 4; lastKnownFileType = text; path = 74.txt; sourceTree = "<group>"; };
		5CD2558F1851A30C00930E3A /* 75.txt */ = {isa = PBXFileReference; fileEncoding = 4; lastKnownFileType = text; path = 75.txt; sourceTree = "<group>"; };
		5CD255911851A31600930E3A /* 76.txt */ = {isa = PBXFileReference; fileEncoding = 4; lastKnownFileType = text; path = 76.txt; sourceTree = "<group>"; };
		5CD255931851A32100930E3A /* 77.txt */ = {isa = PBXFileReference; fileEncoding = 4; lastKnownFileType = text; path = 77.txt; sourceTree = "<group>"; };
		5CD255951851A32C00930E3A /* 78.txt */ = {isa = PBXFileReference; fileEncoding = 4; lastKnownFileType = text; path = 78.txt; sourceTree = "<group>"; };
		5CD255971851A33900930E3A /* 79.txt */ = {isa = PBXFileReference; fileEncoding = 4; lastKnownFileType = text; path = 79.txt; sourceTree = "<group>"; };
		5CD255991851A34200930E3A /* 80.txt */ = {isa = PBXFileReference; fileEncoding = 4; lastKnownFileType = text; path = 80.txt; sourceTree = "<group>"; };
		5CD2559D1851A5C200930E3A /* 718.txt */ = {isa = PBXFileReference; fileEncoding = 4; lastKnownFileType = text; path = 718.txt; sourceTree = "<group>"; };
		5CD2559F1851A5CE00930E3A /* 719.txt */ = {isa = PBXFileReference; fileEncoding = 4; lastKnownFileType = text; path = 719.txt; sourceTree = "<group>"; };
		5CD255A11851A5D900930E3A /* 720.txt */ = {isa = PBXFileReference; fileEncoding = 4; lastKnownFileType = text; path = 720.txt; sourceTree = "<group>"; };
		5CD255A31851A5EA00930E3A /* 721.txt */ = {isa = PBXFileReference; fileEncoding = 4; lastKnownFileType = text; path = 721.txt; sourceTree = "<group>"; };
		5CD255A51851A5F400930E3A /* 722.txt */ = {isa = PBXFileReference; fileEncoding = 4; lastKnownFileType = text; path = 722.txt; sourceTree = "<group>"; };
		5CD255A71851A70200930E3A /* 717.txt */ = {isa = PBXFileReference; fileEncoding = 4; lastKnownFileType = text; path = 717.txt; sourceTree = "<group>"; };
		5CD255A91851BFB400930E3A /* 81.txt */ = {isa = PBXFileReference; fileEncoding = 4; lastKnownFileType = text; path = 81.txt; sourceTree = "<group>"; };
		5CD255AB1851BFBC00930E3A /* 82.txt */ = {isa = PBXFileReference; fileEncoding = 4; lastKnownFileType = text; path = 82.txt; sourceTree = "<group>"; };
		5CD255AD1851BFC400930E3A /* 83.txt */ = {isa = PBXFileReference; fileEncoding = 4; lastKnownFileType = text; path = 83.txt; sourceTree = "<group>"; };
		5CD255AF1851BFCC00930E3A /* 84.txt */ = {isa = PBXFileReference; fileEncoding = 4; lastKnownFileType = text; path = 84.txt; sourceTree = "<group>"; };
		5CD255B11851BFD400930E3A /* 85.txt */ = {isa = PBXFileReference; fileEncoding = 4; lastKnownFileType = text; path = 85.txt; sourceTree = "<group>"; };
		5CD255B31851BFDC00930E3A /* 86.txt */ = {isa = PBXFileReference; fileEncoding = 4; lastKnownFileType = text; path = 86.txt; sourceTree = "<group>"; };
		5CD255B51851BFE300930E3A /* 87.txt */ = {isa = PBXFileReference; fileEncoding = 4; lastKnownFileType = text; path = 87.txt; sourceTree = "<group>"; };
		5CD255B71851BFEA00930E3A /* 88.txt */ = {isa = PBXFileReference; fileEncoding = 4; lastKnownFileType = text; path = 88.txt; sourceTree = "<group>"; };
		5CD255B91851BFF200930E3A /* 89.txt */ = {isa = PBXFileReference; fileEncoding = 4; lastKnownFileType = text; path = 89.txt; sourceTree = "<group>"; };
		5CD255BB1851BFFD00930E3A /* 90.txt */ = {isa = PBXFileReference; fileEncoding = 4; lastKnownFileType = text; path = 90.txt; sourceTree = "<group>"; };
		5CD255BD1851C00600930E3A /* 91.txt */ = {isa = PBXFileReference; fileEncoding = 4; lastKnownFileType = text; path = 91.txt; sourceTree = "<group>"; };
		5CD255BF1851C00E00930E3A /* 92.txt */ = {isa = PBXFileReference; fileEncoding = 4; lastKnownFileType = text; path = 92.txt; sourceTree = "<group>"; };
		5CD255C11851C01700930E3A /* 93.txt */ = {isa = PBXFileReference; fileEncoding = 4; lastKnownFileType = text; path = 93.txt; sourceTree = "<group>"; };
		CB25FD091843972D00F3D980 /* poetryapps.app */ = {isa = PBXFileReference; explicitFileType = wrapper.application; includeInIndex = 0; path = poetryapps.app; sourceTree = BUILT_PRODUCTS_DIR; };
		CB25FD0C1843972D00F3D980 /* Foundation.framework */ = {isa = PBXFileReference; lastKnownFileType = wrapper.framework; name = Foundation.framework; path = System/Library/Frameworks/Foundation.framework; sourceTree = SDKROOT; };
		CB25FD0E1843972D00F3D980 /* CoreGraphics.framework */ = {isa = PBXFileReference; lastKnownFileType = wrapper.framework; name = CoreGraphics.framework; path = System/Library/Frameworks/CoreGraphics.framework; sourceTree = SDKROOT; };
		CB25FD101843972D00F3D980 /* UIKit.framework */ = {isa = PBXFileReference; lastKnownFileType = wrapper.framework; name = UIKit.framework; path = System/Library/Frameworks/UIKit.framework; sourceTree = SDKROOT; };
		CB25FD141843972D00F3D980 /* poetryapps-Info.plist */ = {isa = PBXFileReference; lastKnownFileType = text.plist.xml; path = "poetryapps-Info.plist"; sourceTree = "<group>"; };
		CB25FD161843972D00F3D980 /* en */ = {isa = PBXFileReference; lastKnownFileType = text.plist.strings; name = en; path = en.lproj/InfoPlist.strings; sourceTree = "<group>"; };
		CB25FD181843972D00F3D980 /* main.m */ = {isa = PBXFileReference; lastKnownFileType = sourcecode.c.objc; path = main.m; sourceTree = "<group>"; };
		CB25FD1A1843972D00F3D980 /* poetryapps-Prefix.pch */ = {isa = PBXFileReference; lastKnownFileType = sourcecode.c.h; path = "poetryapps-Prefix.pch"; sourceTree = "<group>"; };
		CB25FD1B1843972D00F3D980 /* PoetryAppDelegate.h */ = {isa = PBXFileReference; lastKnownFileType = sourcecode.c.h; path = PoetryAppDelegate.h; sourceTree = "<group>"; };
		CB25FD1C1843972D00F3D980 /* PoetryAppDelegate.m */ = {isa = PBXFileReference; lastKnownFileType = sourcecode.c.objc; path = PoetryAppDelegate.m; sourceTree = "<group>"; };
		CB25FD1F1843972D00F3D980 /* Base */ = {isa = PBXFileReference; lastKnownFileType = file.storyboard; name = Base; path = Base.lproj/Main_iPhone.storyboard; sourceTree = "<group>"; };
		CB25FD221843972D00F3D980 /* Base */ = {isa = PBXFileReference; lastKnownFileType = file.storyboard; name = Base; path = Base.lproj/Main_iPad.storyboard; sourceTree = "<group>"; };
		CB25FD241843972D00F3D980 /* PoetryViewController.h */ = {isa = PBXFileReference; lastKnownFileType = sourcecode.c.h; path = PoetryViewController.h; sourceTree = "<group>"; };
		CB25FD251843972D00F3D980 /* PoetryViewController.m */ = {isa = PBXFileReference; lastKnownFileType = sourcecode.c.objc; path = PoetryViewController.m; sourceTree = "<group>"; };
		CB25FD271843972D00F3D980 /* Images.xcassets */ = {isa = PBXFileReference; lastKnownFileType = folder.assetcatalog; path = Images.xcassets; sourceTree = "<group>"; };
		CB25FD2D1843972D00F3D980 /* poetryappsTests.xctest */ = {isa = PBXFileReference; explicitFileType = wrapper.cfbundle; includeInIndex = 0; path = poetryappsTests.xctest; sourceTree = BUILT_PRODUCTS_DIR; };
		CB25FD2E1843972D00F3D980 /* XCTest.framework */ = {isa = PBXFileReference; lastKnownFileType = wrapper.framework; name = XCTest.framework; path = Library/Frameworks/XCTest.framework; sourceTree = DEVELOPER_DIR; };
		CB25FD361843972D00F3D980 /* poetryappsTests-Info.plist */ = {isa = PBXFileReference; lastKnownFileType = text.plist.xml; path = "poetryappsTests-Info.plist"; sourceTree = "<group>"; };
		CB25FD381843972D00F3D980 /* en */ = {isa = PBXFileReference; lastKnownFileType = text.plist.strings; name = en; path = en.lproj/InfoPlist.strings; sourceTree = "<group>"; };
		CB25FD3A1843972D00F3D980 /* poetryappsTests.m */ = {isa = PBXFileReference; lastKnownFileType = sourcecode.c.objc; path = poetryappsTests.m; sourceTree = "<group>"; };
		CB26ADF1184C2D3200091BF1 /* Guidepicker.h */ = {isa = PBXFileReference; fileEncoding = 4; lastKnownFileType = sourcecode.c.h; path = Guidepicker.h; sourceTree = "<group>"; };
		CB26ADF2184C2D3200091BF1 /* Guidepicker.m */ = {isa = PBXFileReference; fileEncoding = 4; lastKnownFileType = sourcecode.c.objc; path = Guidepicker.m; sourceTree = "<group>"; };
		CB26ADF5184C3CC400091BF1 /* Responsepicker.h */ = {isa = PBXFileReference; fileEncoding = 4; lastKnownFileType = sourcecode.c.h; path = Responsepicker.h; sourceTree = "<group>"; };
		CB26ADF6184C3CC400091BF1 /* Responsepicker.m */ = {isa = PBXFileReference; fileEncoding = 4; lastKnownFileType = sourcecode.c.objc; path = Responsepicker.m; sourceTree = "<group>"; };
		CB26ADF8184C786A00091BF1 /* GotoTableViewController.h */ = {isa = PBXFileReference; fileEncoding = 4; lastKnownFileType = sourcecode.c.h; path = GotoTableViewController.h; sourceTree = "<group>"; };
		CB26ADF9184C786A00091BF1 /* GotoTableViewController.m */ = {isa = PBXFileReference; fileEncoding = 4; lastKnownFileType = sourcecode.c.objc; path = GotoTableViewController.m; sourceTree = "<group>"; };
		CB381FAF1849B056000ECB84 /* GotoTable.h */ = {isa = PBXFileReference; fileEncoding = 4; lastKnownFileType = sourcecode.c.h; path = GotoTable.h; sourceTree = "<group>"; };
		CB381FB01849B056000ECB84 /* GotoTable.m */ = {isa = PBXFileReference; fileEncoding = 4; lastKnownFileType = sourcecode.c.objc; path = GotoTable.m; sourceTree = "<group>"; };
		CB381FB11849B056000ECB84 /* GotoTable.xib */ = {isa = PBXFileReference; fileEncoding = 4; lastKnownFileType = file.xib; path = GotoTable.xib; sourceTree = "<group>"; };
		CB381FB21849B056000ECB84 /* GotoViewController.h */ = {isa = PBXFileReference; fileEncoding = 4; lastKnownFileType = sourcecode.c.h; path = GotoViewController.h; sourceTree = "<group>"; };
		CB381FB31849B056000ECB84 /* GotoViewController.m */ = {isa = PBXFileReference; fileEncoding = 4; lastKnownFileType = sourcecode.c.objc; path = GotoViewController.m; sourceTree = "<group>"; };
		CB381FB81849BD5A000ECB84 /* ReadingViewController.h */ = {isa = PBXFileReference; fileEncoding = 4; lastKnownFileType = sourcecode.c.h; path = ReadingViewController.h; sourceTree = "<group>"; };
		CB381FB91849BD5A000ECB84 /* ReadingViewController.m */ = {isa = PBXFileReference; fileEncoding = 4; lastKnownFileType = sourcecode.c.objc; path = ReadingViewController.m; sourceTree = "<group>"; };
		CBA286CA184D753A00010125 /* GotoTableCell.h */ = {isa = PBXFileReference; fileEncoding = 4; lastKnownFileType = sourcecode.c.h; path = GotoTableCell.h; sourceTree = "<group>"; };
		CBA286CB184D753A00010125 /* GotoTableCell.m */ = {isa = PBXFileReference; fileEncoding = 4; lastKnownFileType = sourcecode.c.objc; path = GotoTableCell.m; sourceTree = "<group>"; };
		CBA286CE184DCF4A00010125 /* 1.txt */ = {isa = PBXFileReference; fileEncoding = 4; lastKnownFileType = text; path = 1.txt; sourceTree = "<group>"; };
		CBA286CF184DCF4A00010125 /* 2.txt */ = {isa = PBXFileReference; fileEncoding = 4; lastKnownFileType = text; path = 2.txt; sourceTree = "<group>"; };
		CBD51BCC1850DCEE005A15D0 /* 6.txt */ = {isa = PBXFileReference; fileEncoding = 4; lastKnownFileType = text; name = 6.txt; path = poetryapps/Resource/6.txt; sourceTree = SOURCE_ROOT; };
		CBD51BCD1850DCEE005A15D0 /* 7.txt */ = {isa = PBXFileReference; fileEncoding = 4; lastKnownFileType = text; name = 7.txt; path = poetryapps/Resource/7.txt; sourceTree = SOURCE_ROOT; };
		CBD51BCE1850DCEE005A15D0 /* 8.txt */ = {isa = PBXFileReference; fileEncoding = 4; lastKnownFileType = text; name = 8.txt; path = poetryapps/Resource/8.txt; sourceTree = SOURCE_ROOT; };
		CBD51BCF1850DCEE005A15D0 /* 9.txt */ = {isa = PBXFileReference; fileEncoding = 4; lastKnownFileType = text; name = 9.txt; path = poetryapps/Resource/9.txt; sourceTree = SOURCE_ROOT; };
		CBD51BD01850DCEE005A15D0 /* 10.txt */ = {isa = PBXFileReference; fileEncoding = 4; lastKnownFileType = text; name = 10.txt; path = poetryapps/Resource/10.txt; sourceTree = SOURCE_ROOT; };
		CBD51BD61850DFCC005A15D0 /* 11.txt */ = {isa = PBXFileReference; fileEncoding = 4; lastKnownFileType = text; name = 11.txt; path = poetryapps/Resource/11.txt; sourceTree = SOURCE_ROOT; };
		CBD51BD81850DFEC005A15D0 /* 12.txt */ = {isa = PBXFileReference; fileEncoding = 4; lastKnownFileType = text; name = 12.txt; path = poetryapps/Resource/12.txt; sourceTree = SOURCE_ROOT; };
		CBD51BDA1850E015005A15D0 /* 13.txt */ = {isa = PBXFileReference; fileEncoding = 4; lastKnownFileType = text; name = 13.txt; path = poetryapps/Resource/13.txt; sourceTree = SOURCE_ROOT; };
		CBD51BDC1850E03B005A15D0 /* 14.txt */ = {isa = PBXFileReference; fileEncoding = 4; lastKnownFileType = text; name = 14.txt; path = poetryapps/Resource/14.txt; sourceTree = SOURCE_ROOT; };
		CBD51BDE1850E05D005A15D0 /* 15.txt */ = {isa = PBXFileReference; fileEncoding = 4; lastKnownFileType = text; name = 15.txt; path = poetryapps/Resource/15.txt; sourceTree = SOURCE_ROOT; };
		CBD51BE01850E083005A15D0 /* 16.txt */ = {isa = PBXFileReference; fileEncoding = 4; lastKnownFileType = text; name = 16.txt; path = poetryapps/Resource/16.txt; sourceTree = SOURCE_ROOT; };
		CBD51BE21850E0A1005A15D0 /* 17.txt */ = {isa = PBXFileReference; fileEncoding = 4; lastKnownFileType = text; name = 17.txt; path = poetryapps/Resource/17.txt; sourceTree = SOURCE_ROOT; };
		CBD51BE41850E0C0005A15D0 /* 18.txt */ = {isa = PBXFileReference; fileEncoding = 4; lastKnownFileType = text; name = 18.txt; path = poetryapps/Resource/18.txt; sourceTree = SOURCE_ROOT; };
		CBD51BE61850E0E9005A15D0 /* 19.txt */ = {isa = PBXFileReference; fileEncoding = 4; lastKnownFileType = text; name = 19.txt; path = poetryapps/Resource/19.txt; sourceTree = SOURCE_ROOT; };
		CBD51BE81850E104005A15D0 /* 20.txt */ = {isa = PBXFileReference; fileEncoding = 4; lastKnownFileType = text; name = 20.txt; path = poetryapps/Resource/20.txt; sourceTree = SOURCE_ROOT; };
		CBF1951E184AF1190062FC00 /* Poetrypicker.h */ = {isa = PBXFileReference; fileEncoding = 4; lastKnownFileType = sourcecode.c.h; path = Poetrypicker.h; sourceTree = "<group>"; };
		CBF1951F184AF1190062FC00 /* Poetrypicker.m */ = {isa = PBXFileReference; fileEncoding = 4; lastKnownFileType = sourcecode.c.objc; path = Poetrypicker.m; sourceTree = "<group>"; };
		CBF7262B18501EAF003C70AB /* 3.txt */ = {isa = PBXFileReference; fileEncoding = 4; lastKnownFileType = text; name = 3.txt; path = poetryapps/Resource/3.txt; sourceTree = SOURCE_ROOT; };
		CBF7262C18501EAF003C70AB /* 4.txt */ = {isa = PBXFileReference; fileEncoding = 4; lastKnownFileType = text; name = 4.txt; path = poetryapps/Resource/4.txt; sourceTree = SOURCE_ROOT; };
		CBF7262D18501EAF003C70AB /* 5.txt */ = {isa = PBXFileReference; fileEncoding = 4; lastKnownFileType = text; name = 5.txt; path = poetryapps/Resource/5.txt; sourceTree = SOURCE_ROOT; };
/* End PBXFileReference section */

/* Begin PBXFrameworksBuildPhase section */
		CB25FD061843972D00F3D980 /* Frameworks */ = {
			isa = PBXFrameworksBuildPhase;
			buildActionMask = 2147483647;
			files = (
				10AE670F18449F8C00A683E7 /* CoreData.framework in Frameworks */,
				CB25FD0F1843972D00F3D980 /* CoreGraphics.framework in Frameworks */,
				CB25FD111843972D00F3D980 /* UIKit.framework in Frameworks */,
				CB25FD0D1843972D00F3D980 /* Foundation.framework in Frameworks */,
			);
			runOnlyForDeploymentPostprocessing = 0;
		};
		CB25FD2A1843972D00F3D980 /* Frameworks */ = {
			isa = PBXFrameworksBuildPhase;
			buildActionMask = 2147483647;
			files = (
				CB25FD2F1843972D00F3D980 /* XCTest.framework in Frameworks */,
				CB25FD311843972D00F3D980 /* UIKit.framework in Frameworks */,
				CB25FD301843972D00F3D980 /* Foundation.framework in Frameworks */,
			);
			runOnlyForDeploymentPostprocessing = 0;
		};
/* End PBXFrameworksBuildPhase section */

/* Begin PBXGroup section */
		10771DBF1849D04800A3B342 /* SettingView */ = {
			isa = PBXGroup;
			children = (
				10771DC01849D0B600A3B342 /* SettingViewController.h */,
				10771DC11849D0B600A3B342 /* SettingViewController.m */,
				10449953184D87B700C58526 /* FontSizeSetting.xib */,
				10449955184D87E700C58526 /* FontSizeSetting.h */,
				10449956184D87E700C58526 /* FontSizeSetting.m */,
				10449958184DA42500C58526 /* ThemeSetting.xib */,
				1044995A184DA5EF00C58526 /* ThemeSetting.h */,
				1044995B184DA5EF00C58526 /* ThemeSetting.m */,
			);
			name = SettingView;
			sourceTree = "<group>";
		};
		10AE671018449F9900A683E7 /* CoreData */ = {
			isa = PBXGroup;
			children = (
				10AE670818449E8E00A683E7 /* Poetry.xcdatamodeld */,
				10AE670B18449EA700A683E7 /* PoetryCoreData.h */,
				10AE670C18449EA700A683E7 /* PoetryCoreData.m */,
				108D2276184987ED005E6893 /* PoetrySettingCoreData.h */,
				108D2277184987ED005E6893 /* PoetrySettingCoreData.m */,
			);
			name = CoreData;
			sourceTree = "<group>";
		};
		10F88C111848833D009F045D /* SearchView */ = {
			isa = PBXGroup;
			children = (
				10F88C0E18488333009F045D /* SeachViewController.h */,
				10F88C0F18488333009F045D /* SeachViewController.m */,
			);
			name = SearchView;
			sourceTree = "<group>";
		};
		CB25FD001843972D00F3D980 = {
			isa = PBXGroup;
			children = (
				CB25FD121843972D00F3D980 /* poetryapps */,
				CB25FD341843972D00F3D980 /* poetryappsTests */,
				CB25FD0B1843972D00F3D980 /* Frameworks */,
				CB25FD0A1843972D00F3D980 /* Products */,
			);
			sourceTree = "<group>";
		};
		CB25FD0A1843972D00F3D980 /* Products */ = {
			isa = PBXGroup;
			children = (
				CB25FD091843972D00F3D980 /* poetryapps.app */,
				CB25FD2D1843972D00F3D980 /* poetryappsTests.xctest */,
			);
			name = Products;
			sourceTree = "<group>";
		};
		CB25FD0B1843972D00F3D980 /* Frameworks */ = {
			isa = PBXGroup;
			children = (
				10AE670E18449F8C00A683E7 /* CoreData.framework */,
				CB25FD0C1843972D00F3D980 /* Foundation.framework */,
				CB25FD0E1843972D00F3D980 /* CoreGraphics.framework */,
				CB25FD101843972D00F3D980 /* UIKit.framework */,
				CB25FD2E1843972D00F3D980 /* XCTest.framework */,
			);
			name = Frameworks;
			sourceTree = "<group>";
		};
		CB25FD121843972D00F3D980 /* poetryapps */ = {
			isa = PBXGroup;
			children = (
				CBA286CD184DCF4A00010125 /* Resource */,
				10771DBF1849D04800A3B342 /* SettingView */,
				CB381FBB1849BD67000ECB84 /* ReadingView */,
				CB381FB71849B069000ECB84 /* GotoView */,
				10F88C111848833D009F045D /* SearchView */,
				10AE671018449F9900A683E7 /* CoreData */,
				CB25FD1B1843972D00F3D980 /* PoetryAppDelegate.h */,
				CB25FD1C1843972D00F3D980 /* PoetryAppDelegate.m */,
				CB25FD1E1843972D00F3D980 /* Main_iPhone.storyboard */,
				CB25FD211843972D00F3D980 /* Main_iPad.storyboard */,
				CB25FD241843972D00F3D980 /* PoetryViewController.h */,
				CB25FD251843972D00F3D980 /* PoetryViewController.m */,
				CB25FD271843972D00F3D980 /* Images.xcassets */,
				CB25FD131843972D00F3D980 /* Supporting Files */,
			);
			path = poetryapps;
			sourceTree = "<group>";
		};
		CB25FD131843972D00F3D980 /* Supporting Files */ = {
			isa = PBXGroup;
			children = (
				CB25FD141843972D00F3D980 /* poetryapps-Info.plist */,
				CB25FD151843972D00F3D980 /* InfoPlist.strings */,
				CB25FD181843972D00F3D980 /* main.m */,
				CB25FD1A1843972D00F3D980 /* poetryapps-Prefix.pch */,
			);
			name = "Supporting Files";
			sourceTree = "<group>";
		};
		CB25FD341843972D00F3D980 /* poetryappsTests */ = {
			isa = PBXGroup;
			children = (
				CB25FD3A1843972D00F3D980 /* poetryappsTests.m */,
				CB25FD351843972D00F3D980 /* Supporting Files */,
			);
			path = poetryappsTests;
			sourceTree = "<group>";
		};
		CB25FD351843972D00F3D980 /* Supporting Files */ = {
			isa = PBXGroup;
			children = (
				CB25FD361843972D00F3D980 /* poetryappsTests-Info.plist */,
				CB25FD371843972D00F3D980 /* InfoPlist.strings */,
			);
			name = "Supporting Files";
			sourceTree = "<group>";
		};
		CB26ADF4184C3C9C00091BF1 /* Pickers */ = {
			isa = PBXGroup;
			children = (
				CBF1951E184AF1190062FC00 /* Poetrypicker.h */,
				CBF1951F184AF1190062FC00 /* Poetrypicker.m */,
				CB26ADF1184C2D3200091BF1 /* Guidepicker.h */,
				CB26ADF2184C2D3200091BF1 /* Guidepicker.m */,
				CB26ADF5184C3CC400091BF1 /* Responsepicker.h */,
				CB26ADF6184C3CC400091BF1 /* Responsepicker.m */,
			);
			name = Pickers;
			sourceTree = "<group>";
		};
		CB381FB71849B069000ECB84 /* GotoView */ = {
			isa = PBXGroup;
			children = (
				CB381FAF1849B056000ECB84 /* GotoTable.h */,
				CB381FB01849B056000ECB84 /* GotoTable.m */,
				CB381FB11849B056000ECB84 /* GotoTable.xib */,
				CB381FB21849B056000ECB84 /* GotoViewController.h */,
				CB381FB31849B056000ECB84 /* GotoViewController.m */,
				CB26ADF8184C786A00091BF1 /* GotoTableViewController.h */,
				CB26ADF9184C786A00091BF1 /* GotoTableViewController.m */,
				CBA286CA184D753A00010125 /* GotoTableCell.h */,
				CBA286CB184D753A00010125 /* GotoTableCell.m */,
				CB26ADF4184C3C9C00091BF1 /* Pickers */,
			);
			name = GotoView;
			sourceTree = "<group>";
		};
		CB381FBB1849BD67000ECB84 /* ReadingView */ = {
			isa = PBXGroup;
			children = (
				CB381FB81849BD5A000ECB84 /* ReadingViewController.h */,
				CB381FB91849BD5A000ECB84 /* ReadingViewController.m */,
				10771DB71849C33500A3B342 /* ReadingScroller.xib */,
				10771DB91849C36500A3B342 /* ReadingScroller.h */,
				10771DBA1849C36500A3B342 /* ReadingScroller.m */,
			);
			name = ReadingView;
			sourceTree = "<group>";
		};
		CBA286CD184DCF4A00010125 /* Resource */ = {
			isa = PBXGroup;
			children = (
				CBA286CE184DCF4A00010125 /* 1.txt */,
				CBA286CF184DCF4A00010125 /* 2.txt */,
				CBF7262B18501EAF003C70AB /* 3.txt */,
				CBF7262C18501EAF003C70AB /* 4.txt */,
				CBF7262D18501EAF003C70AB /* 5.txt */,
				CBD51BCC1850DCEE005A15D0 /* 6.txt */,
				CBD51BCD1850DCEE005A15D0 /* 7.txt */,
				CBD51BCE1850DCEE005A15D0 /* 8.txt */,
				CBD51BCF1850DCEE005A15D0 /* 9.txt */,
				CBD51BD01850DCEE005A15D0 /* 10.txt */,
				CBD51BD61850DFCC005A15D0 /* 11.txt */,
				CBD51BD81850DFEC005A15D0 /* 12.txt */,
				CBD51BDA1850E015005A15D0 /* 13.txt */,
				CBD51BDC1850E03B005A15D0 /* 14.txt */,
				CBD51BDE1850E05D005A15D0 /* 15.txt */,
				CBD51BE01850E083005A15D0 /* 16.txt */,
				CBD51BE21850E0A1005A15D0 /* 17.txt */,
				CBD51BE41850E0C0005A15D0 /* 18.txt */,
				CBD51BE61850E0E9005A15D0 /* 19.txt */,
				CBD51BE81850E104005A15D0 /* 20.txt */,
				5CD255231851709D00930E3A /* 21.txt */,
				5CD255241851709D00930E3A /* 22.txt */,
				5CD255251851709D00930E3A /* 23.txt */,
				5CD255261851709D00930E3A /* 24.txt */,
				5CD255271851709D00930E3A /* 25.txt */,
				5CD2552D185174C800930E3A /* 26.txt */,
				5CD2552F185174FF00930E3A /* 27.txt */,
				5CD255311851750D00930E3A /* 28.txt */,
				5CD255331851751B00930E3A /* 29.txt */,
				5CD255351851752500930E3A /* 30.txt */,
				5CD255371851753200930E3A /* 31.txt */,
				5CD255391851753E00930E3A /* 32.txt */,
				5CD2553B1851754B00930E3A /* 33.txt */,
				5CD2553D1851755B00930E3A /* 34.txt */,
				5CD2553F185179FF00930E3A /* 35.txt */,
				5CD2554118517A0C00930E3A /* 36.txt */,
				5CD2554318517A1800930E3A /* 37.txt */,
				5CD2554518517A2300930E3A /* 38.txt */,
				5CD2554718517A3100930E3A /* 39.txt */,
				5CD2554918517A3C00930E3A /* 40.txt */,
				5CD2554B18517A4800930E3A /* 41.txt */,
				5CD2554D18517A5300930E3A /* 42.txt */,
				5CD2554F18517A5E00930E3A /* 43.txt */,
				5CD2555118517A7000930E3A /* 44.txt */,
				5CD2555318517A7E00930E3A /* 45.txt */,
				5CD2555518517A8900930E3A /* 46.txt */,
				5CD2555718517A9600930E3A /* 47.txt */,
				5CD2555918517AAA00930E3A /* 48.txt */,
				5CD2555B18517AB600930E3A /* 49.txt */,
				5CD2555D18517AC300930E3A /* 50.txt */,
				5CD2555F1851806100930E3A /* 51.txt */,
				5CD255611851806D00930E3A /* 52.txt */,
				5CD255631851807C00930E3A /* 53.txt */,
				5CD2556518519CA600930E3A /* 54.txt */,
				5CD2556718519E9C00930E3A /* 55.txt */,
				5CD2556918519EAB00930E3A /* 56.txt */,
				5CD2556B18519EB500930E3A /* 57.txt */,
				5CD2556D18519EC000930E3A /* 58.txt */,
				5CD2556F18519EE400930E3A /* 59.txt */,
				5CD2557118519EF000930E3A /* 60.txt */,
				5CD2557318519F0000930E3A /* 61.txt */,
				5CD2557518519F0B00930E3A /* 62.txt */,
				5CD2557718519F1600930E3A /* 63.txt */,
				5CD2557918519F2100930E3A /* 64.txt */,
				5CD2557B18519F4300930E3A /* 65.txt */,
				5CD2557D18519F4D00930E3A /* 66.txt */,
				5CD2557F18519F5800930E3A /* 67.txt */,
				5CD2558118519F6200930E3A /* 68.txt */,
				5CD2558318519F6C00930E3A /* 69.txt */,
				5CD2558518519F7800930E3A /* 70.txt */,
				5CD255871851A2D100930E3A /* 71.txt */,
				5CD255891851A2DC00930E3A /* 72.txt */,
				5CD2558B1851A2E600930E3A /* 73.txt */,
				5CD2558D1851A2F000930E3A /* 74.txt */,
				5CD2558F1851A30C00930E3A /* 75.txt */,
				5CD255911851A31600930E3A /* 76.txt */,
				5CD255931851A32100930E3A /* 77.txt */,
				5CD255951851A32C00930E3A /* 78.txt */,
				5CD255971851A33900930E3A /* 79.txt */,
				5CD255991851A34200930E3A /* 80.txt */,
				5CD255A91851BFB400930E3A /* 81.txt */,
				5CD255AB1851BFBC00930E3A /* 82.txt */,
				5CD255AD1851BFC400930E3A /* 83.txt */,
				5CD255AF1851BFCC00930E3A /* 84.txt */,
				5CD255B11851BFD400930E3A /* 85.txt */,
				5CD255B31851BFDC00930E3A /* 86.txt */,
				5CD255B51851BFE300930E3A /* 87.txt */,
				5CD255B71851BFEA00930E3A /* 88.txt */,
				5CD255B91851BFF200930E3A /* 89.txt */,
				5CD255BB1851BFFD00930E3A /* 90.txt */,
				5CD255BD1851C00600930E3A /* 91.txt */,
				5CD255BF1851C00E00930E3A /* 92.txt */,
				5CD255C11851C01700930E3A /* 93.txt */,
				5CCDD90A185559E300354557 /* 94.txt */,
				5CCDD90C185559EB00354557 /* 95.txt */,
				5CCDD90E185559F400354557 /* 96.txt */,
				5CCDD910185559FE00354557 /* 97.txt */,
				5CCDD91218555A0800354557 /* 98.txt */,
				5CCDD91418555A0F00354557 /* 99.txt */,
				5CCDD91618555A1800354557 /* 100.txt */,
				5CCDD91818555A2600354557 /* 101.txt */,
				5CCDD91A18555A2E00354557 /* 102.txt */,
				5CCDD91C18555A3800354557 /* 103.txt */,
				5CCDD91E18555A3F00354557 /* 104.txt */,
				5CCDD92018555A4700354557 /* 105.txt */,
				5CCDD92218555A4F00354557 /* 106.txt */,
				5CCDD92418555A5700354557 /* 107.txt */,
				5CCDD92618555A5D00354557 /* 108.txt */,
				5CCDD92818555A6500354557 /* 109.txt */,
				5CCDD92A18555A6D00354557 /* 110.txt */,
				5CCDD92C18555A7500354557 /* 111.txt */,
				5CCDD92E18555A7C00354557 /* 112.txt */,
				5CCDD93018555A8300354557 /* 113.txt */,
				5CCDD93218555A8A00354557 /* 114.txt */,
				5CCDD93418555A9100354557 /* 115.txt */,
				5CCDD93618555A9700354557 /* 116.txt */,
				5CCDD93818555A9E00354557 /* 117.txt */,
				5CCDD93A18555AA200354557 /* 118.txt */,
				5CCDD93C18555AB900354557 /* 119.txt */,
				5CCDD93E18555AD700354557 /* 120.txt */,
				5CCDD94018555ADD00354557 /* 121.txt */,
				5CCDD94218555AE400354557 /* 122.txt */,
				5CCDD94418555AEB00354557 /* 123.txt */,
				5CCDD94618555AF200354557 /* 124.txt */,
				5CCDD94818555AF900354557 /* 125.txt */,
				5CCDD94A18555AFF00354557 /* 126.txt */,
				5CCDD94C18555B0600354557 /* 127.txt */,
				5CCDD94E18555B0C00354557 /* 128.txt */,
				5CCDD95018555B1400354557 /* 129.txt */,
				5CCDD95218555B1A00354557 /* 130.txt */,
				5CCDD95418555B2100354557 /* 131.txt */,
				5CCDD95618555B2700354557 /* 132.txt */,
				5CCDD95818555B2D00354557 /* 133.txt */,
				5CCDD95A18555B3300354557 /* 134.txt */,
				5CCDD95C18555B3C00354557 /* 135.txt */,
				5CCDD95E18555B4500354557 /* 136.txt */,
				5CCDD96018555B4E00354557 /* 137.txt */,
				5CCDD96218555B5500354557 /* 138.txt */,
				5CCDD96418555B5B00354557 /* 139.txt */,
				5CCDD96618555B6200354557 /* 140.txt */,
				5CD255A71851A70200930E3A /* 717.txt */,
				5CD2559D1851A5C200930E3A /* 718.txt */,
				5CD2559F1851A5CE00930E3A /* 719.txt */,
				5CD255A11851A5D900930E3A /* 720.txt */,
				5CD255A31851A5EA00930E3A /* 721.txt */,
				5CD255A51851A5F400930E3A /* 722.txt */,
			);
			name = Resource;
			path = resource;
			sourceTree = "<group>";
		};
/* End PBXGroup section */

/* Begin PBXNativeTarget section */
		CB25FD081843972D00F3D980 /* poetryapps */ = {
			isa = PBXNativeTarget;
			buildConfigurationList = CB25FD3E1843972D00F3D980 /* Build configuration list for PBXNativeTarget "poetryapps" */;
			buildPhases = (
				CB25FD051843972D00F3D980 /* Sources */,
				CB25FD061843972D00F3D980 /* Frameworks */,
				CB25FD071843972D00F3D980 /* Resources */,
			);
			buildRules = (
			);
			dependencies = (
			);
			name = poetryapps;
			productName = poetryapps;
			productReference = CB25FD091843972D00F3D980 /* poetryapps.app */;
			productType = "com.apple.product-type.application";
		};
		CB25FD2C1843972D00F3D980 /* poetryappsTests */ = {
			isa = PBXNativeTarget;
			buildConfigurationList = CB25FD411843972D00F3D980 /* Build configuration list for PBXNativeTarget "poetryappsTests" */;
			buildPhases = (
				CB25FD291843972D00F3D980 /* Sources */,
				CB25FD2A1843972D00F3D980 /* Frameworks */,
				CB25FD2B1843972D00F3D980 /* Resources */,
			);
			buildRules = (
			);
			dependencies = (
				CB25FD331843972D00F3D980 /* PBXTargetDependency */,
			);
			name = poetryappsTests;
			productName = poetryappsTests;
			productReference = CB25FD2D1843972D00F3D980 /* poetryappsTests.xctest */;
			productType = "com.apple.product-type.bundle.unit-test";
		};
/* End PBXNativeTarget section */

/* Begin PBXProject section */
		CB25FD011843972D00F3D980 /* Project object */ = {
			isa = PBXProject;
			attributes = {
				CLASSPREFIX = Poetry;
				LastUpgradeCheck = 0500;
				ORGANIZATIONNAME = cc;
				TargetAttributes = {
					CB25FD2C1843972D00F3D980 = {
						TestTargetID = CB25FD081843972D00F3D980;
					};
				};
			};
			buildConfigurationList = CB25FD041843972D00F3D980 /* Build configuration list for PBXProject "poetryapps" */;
			compatibilityVersion = "Xcode 3.2";
			developmentRegion = English;
			hasScannedForEncodings = 0;
			knownRegions = (
				en,
				Base,
			);
			mainGroup = CB25FD001843972D00F3D980;
			productRefGroup = CB25FD0A1843972D00F3D980 /* Products */;
			projectDirPath = "";
			projectRoot = "";
			targets = (
				CB25FD081843972D00F3D980 /* poetryapps */,
				CB25FD2C1843972D00F3D980 /* poetryappsTests */,
			);
		};
/* End PBXProject section */

/* Begin PBXResourcesBuildPhase section */
		CB25FD071843972D00F3D980 /* Resources */ = {
			isa = PBXResourcesBuildPhase;
			buildActionMask = 2147483647;
			files = (
				5CCDD93518555A9100354557 /* 115.txt in Resources */,
				5CD2556C18519EB500930E3A /* 57.txt in Resources */,
				5CD2556818519E9C00930E3A /* 55.txt in Resources */,
				5CD255A21851A5D900930E3A /* 720.txt in Resources */,
				5CD2555218517A7000930E3A /* 44.txt in Resources */,
				5CD255601851806100930E3A /* 51.txt in Resources */,
				5CCDD93F18555AD700354557 /* 120.txt in Resources */,
				5CD255AA1851BFB400930E3A /* 81.txt in Resources */,
				5CD2552E185174C800930E3A /* 26.txt in Resources */,
				5CD255291851709D00930E3A /* 22.txt in Resources */,
				5CCDD93118555A8300354557 /* 113.txt in Resources */,
				5CD2557218519EF000930E3A /* 60.txt in Resources */,
				CBF7262E18501EAF003C70AB /* 3.txt in Resources */,
				5CD255B41851BFDC00930E3A /* 86.txt in Resources */,
				5CD2558418519F6C00930E3A /* 69.txt in Resources */,
				5CCDD95F18555B4500354557 /* 136.txt in Resources */,
				5CD2555618517A8900930E3A /* 46.txt in Resources */,
				5CD255BC1851BFFD00930E3A /* 90.txt in Resources */,
				5CD2555818517A9600930E3A /* 47.txt in Resources */,
				CBF7263018501EAF003C70AB /* 5.txt in Resources */,
				10449959184DA42500C58526 /* ThemeSetting.xib in Resources */,
				5CCDD93718555A9700354557 /* 116.txt in Resources */,
				5CCDD90B185559E300354557 /* 94.txt in Resources */,
				5CD2558618519F7800930E3A /* 70.txt in Resources */,
				5CD2553E1851755B00930E3A /* 34.txt in Resources */,
				CBD51BD11850DCEE005A15D0 /* 6.txt in Resources */,
				5CD2557A18519F2100930E3A /* 64.txt in Resources */,
				5CD255A01851A5CE00930E3A /* 719.txt in Resources */,
				5CCDD94518555AEB00354557 /* 123.txt in Resources */,
				5CCDD94118555ADD00354557 /* 121.txt in Resources */,
				5CD2557C18519F4300930E3A /* 65.txt in Resources */,
				5CCDD93918555A9E00354557 /* 117.txt in Resources */,
				5CD2557E18519F4D00930E3A /* 66.txt in Resources */,
				5CCDD90F185559F400354557 /* 96.txt in Resources */,
				5CD2558C1851A2E600930E3A /* 73.txt in Resources */,
				5CCDD94F18555B0C00354557 /* 128.txt in Resources */,
				5CD255281851709D00930E3A /* 21.txt in Resources */,
				5CD255A41851A5EA00930E3A /* 721.txt in Resources */,
				5CD2553C1851754B00930E3A /* 33.txt in Resources */,
				5CCDD96118555B4E00354557 /* 137.txt in Resources */,
				5CD255A61851A5F400930E3A /* 722.txt in Resources */,
				5CD2554218517A0C00930E3A /* 36.txt in Resources */,
				CB25FD231843972D00F3D980 /* Main_iPad.storyboard in Resources */,
				5CD2557818519F1600930E3A /* 63.txt in Resources */,
				5CD255AC1851BFBC00930E3A /* 82.txt in Resources */,
				5CD255621851806D00930E3A /* 52.txt in Resources */,
				5CCDD92918555A6500354557 /* 109.txt in Resources */,
				5CCDD92318555A4F00354557 /* 106.txt in Resources */,
				CBF7262F18501EAF003C70AB /* 4.txt in Resources */,
				CB25FD281843972D00F3D980 /* Images.xcassets in Resources */,
				CBD51BD51850DCEE005A15D0 /* 10.txt in Resources */,
				5CCDD94718555AF200354557 /* 124.txt in Resources */,
				CBD51BD71850DFCC005A15D0 /* 11.txt in Resources */,
				5CCDD93318555A8A00354557 /* 114.txt in Resources */,
				CB25FD201843972D00F3D980 /* Main_iPhone.storyboard in Resources */,
				5CD255B61851BFE300930E3A /* 87.txt in Resources */,
				5CCDD91718555A1800354557 /* 100.txt in Resources */,
				CBD51BDB1850E015005A15D0 /* 13.txt in Resources */,
				5CCDD91B18555A2E00354557 /* 102.txt in Resources */,
				5CCDD95318555B1A00354557 /* 130.txt in Resources */,
				5CD2559E1851A5C200930E3A /* 718.txt in Resources */,
				5CCDD95718555B2700354557 /* 132.txt in Resources */,
				10771DB81849C33500A3B342 /* ReadingScroller.xib in Resources */,
				5CCDD91918555A2600354557 /* 101.txt in Resources */,
				5CCDD91F18555A3F00354557 /* 104.txt in Resources */,
				5CCDD94318555AE400354557 /* 122.txt in Resources */,
				5CD255B81851BFEA00930E3A /* 88.txt in Resources */,
				5CD2552A1851709D00930E3A /* 23.txt in Resources */,
				5CCDD91518555A0F00354557 /* 99.txt in Resources */,
				CBD51BD21850DCEE005A15D0 /* 7.txt in Resources */,
				5CCDD92B18555A6D00354557 /* 110.txt in Resources */,
				CBD51BE51850E0C0005A15D0 /* 18.txt in Resources */,
				CB25FD171843972D00F3D980 /* InfoPlist.strings in Resources */,
				5CD255921851A31600930E3A /* 76.txt in Resources */,
				5CCDD95918555B2D00354557 /* 133.txt in Resources */,
				CBD51BD41850DCEE005A15D0 /* 9.txt in Resources */,
				5CCDD92718555A5D00354557 /* 108.txt in Resources */,
				5CD255BE1851C00600930E3A /* 91.txt in Resources */,
				CBD51BE71850E0E9005A15D0 /* 19.txt in Resources */,
				5CD255BA1851BFF200930E3A /* 89.txt in Resources */,
				5CCDD92D18555A7500354557 /* 111.txt in Resources */,
				CBD51BE31850E0A1005A15D0 /* 17.txt in Resources */,
				CBD51BE91850E104005A15D0 /* 20.txt in Resources */,
				5CD255341851751B00930E3A /* 29.txt in Resources */,
				5CCDD96718555B6200354557 /* 140.txt in Resources */,
				5CD2554618517A2300930E3A /* 38.txt in Resources */,
				5CCDD92F18555A7C00354557 /* 112.txt in Resources */,
				5CD2559A1851A34200930E3A /* 80.txt in Resources */,
				5CD255AE1851BFC400930E3A /* 83.txt in Resources */,
				CBD51BD31850DCEE005A15D0 /* 8.txt in Resources */,
				5CD2553A1851753E00930E3A /* 32.txt in Resources */,
				5CD255881851A2D100930E3A /* 71.txt in Resources */,
				5CD2558A1851A2DC00930E3A /* 72.txt in Resources */,
				5CD2554E18517A5300930E3A /* 42.txt in Resources */,
				CBD51BD91850DFEC005A15D0 /* 12.txt in Resources */,
				5CD255941851A32100930E3A /* 77.txt in Resources */,
				5CD255641851807C00930E3A /* 53.txt in Resources */,
				5CCDD94D18555B0600354557 /* 127.txt in Resources */,
				5CD255381851753200930E3A /* 31.txt in Resources */,
				5CD255961851A32C00930E3A /* 78.txt in Resources */,
				5CCDD95B18555B3300354557 /* 134.txt in Resources */,
				5CD255A81851A70200930E3A /* 717.txt in Resources */,
				5CD2558218519F6200930E3A /* 68.txt in Resources */,
				5CD25530185174FF00930E3A /* 27.txt in Resources */,
				5CCDD95118555B1400354557 /* 129.txt in Resources */,
				5CD255361851752500930E3A /* 30.txt in Resources */,
				5CD25540185179FF00930E3A /* 35.txt in Resources */,
				5CCDD93B18555AA200354557 /* 118.txt in Resources */,
				5CD2552C1851709D00930E3A /* 25.txt in Resources */,
				5CD2556E18519EC100930E3A /* 58.txt in Resources */,
				5CD2555018517A5E00930E3A /* 43.txt in Resources */,
				5CD2554418517A1800930E3A /* 37.txt in Resources */,
				5CCDD94B18555AFF00354557 /* 126.txt in Resources */,
				5CCDD92118555A4700354557 /* 105.txt in Resources */,
				5CCDD91D18555A3800354557 /* 103.txt in Resources */,
				5CCDD92518555A5700354557 /* 107.txt in Resources */,
				5CD255901851A30C00930E3A /* 75.txt in Resources */,
				5CCDD90D185559EB00354557 /* 95.txt in Resources */,
				CBD51BDD1850E03B005A15D0 /* 14.txt in Resources */,
				5CD2557618519F0B00930E3A /* 62.txt in Resources */,
				CBA286D0184DCF4A00010125 /* 1.txt in Resources */,
				5CCDD91318555A0800354557 /* 98.txt in Resources */,
				5CD2552B1851709D00930E3A /* 24.txt in Resources */,
				5CD2558E1851A2F000930E3A /* 74.txt in Resources */,
				5CD2554A18517A3C00930E3A /* 40.txt in Resources */,
				5CD2555C18517AB600930E3A /* 49.txt in Resources */,
				5CD255C21851C01700930E3A /* 93.txt in Resources */,
				5CD2554C18517A4800930E3A /* 41.txt in Resources */,
				5CCDD95D18555B3C00354557 /* 135.txt in Resources */,
				5CD2557018519EE400930E3A /* 59.txt in Resources */,
				5CD2556618519CA600930E3A /* 54.txt in Resources */,
				5CD255321851750D00930E3A /* 28.txt in Resources */,
				5CD255B21851BFD400930E3A /* 85.txt in Resources */,
				5CD255B01851BFCC00930E3A /* 84.txt in Resources */,
				5CD2555A18517AAA00930E3A /* 48.txt in Resources */,
				5CCDD93D18555AB900354557 /* 119.txt in Resources */,
				5CD2557418519F0000930E3A /* 61.txt in Resources */,
				5CD255981851A33900930E3A /* 79.txt in Resources */,
				5CCDD96318555B5500354557 /* 138.txt in Resources */,
				5CCDD96518555B5B00354557 /* 139.txt in Resources */,
				5CD2558018519F5800930E3A /* 67.txt in Resources */,
				CBD51BE11850E083005A15D0 /* 16.txt in Resources */,
				CB381FB51849B056000ECB84 /* GotoTable.xib in Resources */,
				10449954184D87B700C58526 /* FontSizeSetting.xib in Resources */,
				5CCDD95518555B2100354557 /* 131.txt in Resources */,
				5CD2555E18517AC300930E3A /* 50.txt in Resources */,
				CBD51BDF1850E05D005A15D0 /* 15.txt in Resources */,
				5CCDD94918555AF900354557 /* 125.txt in Resources */,
				5CD2554818517A3100930E3A /* 39.txt in Resources */,
				CBA286D1184DCF4A00010125 /* 2.txt in Resources */,
				5CCDD911185559FE00354557 /* 97.txt in Resources */,
				5CD255C01851C00E00930E3A /* 92.txt in Resources */,
				5CD2555418517A7E00930E3A /* 45.txt in Resources */,
				5CD2556A18519EAB00930E3A /* 56.txt in Resources */,
			);
			runOnlyForDeploymentPostprocessing = 0;
		};
		CB25FD2B1843972D00F3D980 /* Resources */ = {
			isa = PBXResourcesBuildPhase;
			buildActionMask = 2147483647;
			files = (
				CB25FD391843972D00F3D980 /* InfoPlist.strings in Resources */,
			);
			runOnlyForDeploymentPostprocessing = 0;
		};
/* End PBXResourcesBuildPhase section */

/* Begin PBXSourcesBuildPhase section */
		CB25FD051843972D00F3D980 /* Sources */ = {
			isa = PBXSourcesBuildPhase;
			buildActionMask = 2147483647;
			files = (
				CB26ADF7184C3CC400091BF1 /* Responsepicker.m in Sources */,
				10AE670D18449EA700A683E7 /* PoetryCoreData.m in Sources */,
				CB25FD191843972D00F3D980 /* main.m in Sources */,
				CB25FD1D1843972D00F3D980 /* PoetryAppDelegate.m in Sources */,
				CB26ADFA184C786A00091BF1 /* GotoTableViewController.m in Sources */,
				CBF19520184AF1190062FC00 /* Poetrypicker.m in Sources */,
				1044995C184DA5EF00C58526 /* ThemeSetting.m in Sources */,
				CB26ADF3184C2D3200091BF1 /* Guidepicker.m in Sources */,
				CB381FBA1849BD5A000ECB84 /* ReadingViewController.m in Sources */,
				10771DBB1849C36500A3B342 /* ReadingScroller.m in Sources */,
				10F88C1018488333009F045D /* SeachViewController.m in Sources */,
				10AE670A18449E8E00A683E7 /* Poetry.xcdatamodeld in Sources */,
				CBA286CC184D753A00010125 /* GotoTableCell.m in Sources */,
				CB25FD261843972D00F3D980 /* PoetryViewController.m in Sources */,
				108D2278184987ED005E6893 /* PoetrySettingCoreData.m in Sources */,
				CB381FB41849B056000ECB84 /* GotoTable.m in Sources */,
				CB381FB61849B056000ECB84 /* GotoViewController.m in Sources */,
				10449957184D87E700C58526 /* FontSizeSetting.m in Sources */,
				10771DC21849D0B600A3B342 /* SettingViewController.m in Sources */,
			);
			runOnlyForDeploymentPostprocessing = 0;
		};
		CB25FD291843972D00F3D980 /* Sources */ = {
			isa = PBXSourcesBuildPhase;
			buildActionMask = 2147483647;
			files = (
				CB25FD3B1843972D00F3D980 /* poetryappsTests.m in Sources */,
			);
			runOnlyForDeploymentPostprocessing = 0;
		};
/* End PBXSourcesBuildPhase section */

/* Begin PBXTargetDependency section */
		CB25FD331843972D00F3D980 /* PBXTargetDependency */ = {
			isa = PBXTargetDependency;
			target = CB25FD081843972D00F3D980 /* poetryapps */;
			targetProxy = CB25FD321843972D00F3D980 /* PBXContainerItemProxy */;
		};
/* End PBXTargetDependency section */

/* Begin PBXVariantGroup section */
		CB25FD151843972D00F3D980 /* InfoPlist.strings */ = {
			isa = PBXVariantGroup;
			children = (
				CB25FD161843972D00F3D980 /* en */,
			);
			name = InfoPlist.strings;
			sourceTree = "<group>";
		};
		CB25FD1E1843972D00F3D980 /* Main_iPhone.storyboard */ = {
			isa = PBXVariantGroup;
			children = (
				CB25FD1F1843972D00F3D980 /* Base */,
			);
			name = Main_iPhone.storyboard;
			sourceTree = "<group>";
		};
		CB25FD211843972D00F3D980 /* Main_iPad.storyboard */ = {
			isa = PBXVariantGroup;
			children = (
				CB25FD221843972D00F3D980 /* Base */,
			);
			name = Main_iPad.storyboard;
			sourceTree = "<group>";
		};
		CB25FD371843972D00F3D980 /* InfoPlist.strings */ = {
			isa = PBXVariantGroup;
			children = (
				CB25FD381843972D00F3D980 /* en */,
			);
			name = InfoPlist.strings;
			sourceTree = "<group>";
		};
/* End PBXVariantGroup section */

/* Begin XCBuildConfiguration section */
		CB25FD3C1843972D00F3D980 /* Debug */ = {
			isa = XCBuildConfiguration;
			buildSettings = {
				ALWAYS_SEARCH_USER_PATHS = NO;
				ARCHS = "$(ARCHS_STANDARD_INCLUDING_64_BIT)";
				CLANG_CXX_LANGUAGE_STANDARD = "gnu++0x";
				CLANG_CXX_LIBRARY = "libc++";
				CLANG_ENABLE_MODULES = YES;
				CLANG_ENABLE_OBJC_ARC = YES;
				CLANG_WARN_BOOL_CONVERSION = YES;
				CLANG_WARN_CONSTANT_CONVERSION = YES;
				CLANG_WARN_DIRECT_OBJC_ISA_USAGE = YES_ERROR;
				CLANG_WARN_EMPTY_BODY = YES;
				CLANG_WARN_ENUM_CONVERSION = YES;
				CLANG_WARN_INT_CONVERSION = YES;
				CLANG_WARN_OBJC_ROOT_CLASS = YES_ERROR;
				CLANG_WARN__DUPLICATE_METHOD_MATCH = YES;
				"CODE_SIGN_IDENTITY[sdk=iphoneos*]" = "iPhone Developer";
				COPY_PHASE_STRIP = NO;
				GCC_C_LANGUAGE_STANDARD = gnu99;
				GCC_DYNAMIC_NO_PIC = NO;
				GCC_OPTIMIZATION_LEVEL = 0;
				GCC_PREPROCESSOR_DEFINITIONS = (
					"DEBUG=1",
					"$(inherited)",
				);
				GCC_SYMBOLS_PRIVATE_EXTERN = NO;
				GCC_WARN_64_TO_32_BIT_CONVERSION = YES;
				GCC_WARN_ABOUT_RETURN_TYPE = YES_ERROR;
				GCC_WARN_UNDECLARED_SELECTOR = YES;
				GCC_WARN_UNINITIALIZED_AUTOS = YES;
				GCC_WARN_UNUSED_FUNCTION = YES;
				GCC_WARN_UNUSED_VARIABLE = YES;
				IPHONEOS_DEPLOYMENT_TARGET = 7.0;
				ONLY_ACTIVE_ARCH = YES;
				SDKROOT = iphoneos;
				TARGETED_DEVICE_FAMILY = "1,2";
			};
			name = Debug;
		};
		CB25FD3D1843972D00F3D980 /* Release */ = {
			isa = XCBuildConfiguration;
			buildSettings = {
				ALWAYS_SEARCH_USER_PATHS = NO;
				ARCHS = "$(ARCHS_STANDARD_INCLUDING_64_BIT)";
				CLANG_CXX_LANGUAGE_STANDARD = "gnu++0x";
				CLANG_CXX_LIBRARY = "libc++";
				CLANG_ENABLE_MODULES = YES;
				CLANG_ENABLE_OBJC_ARC = YES;
				CLANG_WARN_BOOL_CONVERSION = YES;
				CLANG_WARN_CONSTANT_CONVERSION = YES;
				CLANG_WARN_DIRECT_OBJC_ISA_USAGE = YES_ERROR;
				CLANG_WARN_EMPTY_BODY = YES;
				CLANG_WARN_ENUM_CONVERSION = YES;
				CLANG_WARN_INT_CONVERSION = YES;
				CLANG_WARN_OBJC_ROOT_CLASS = YES_ERROR;
				CLANG_WARN__DUPLICATE_METHOD_MATCH = YES;
				"CODE_SIGN_IDENTITY[sdk=iphoneos*]" = "iPhone Developer";
				COPY_PHASE_STRIP = YES;
				ENABLE_NS_ASSERTIONS = NO;
				GCC_C_LANGUAGE_STANDARD = gnu99;
				GCC_WARN_64_TO_32_BIT_CONVERSION = YES;
				GCC_WARN_ABOUT_RETURN_TYPE = YES_ERROR;
				GCC_WARN_UNDECLARED_SELECTOR = YES;
				GCC_WARN_UNINITIALIZED_AUTOS = YES;
				GCC_WARN_UNUSED_FUNCTION = YES;
				GCC_WARN_UNUSED_VARIABLE = YES;
				IPHONEOS_DEPLOYMENT_TARGET = 7.0;
				SDKROOT = iphoneos;
				TARGETED_DEVICE_FAMILY = "1,2";
				VALIDATE_PRODUCT = YES;
			};
			name = Release;
		};
		CB25FD3F1843972D00F3D980 /* Debug */ = {
			isa = XCBuildConfiguration;
			buildSettings = {
				ASSETCATALOG_COMPILER_APPICON_NAME = AppIcon;
				ASSETCATALOG_COMPILER_LAUNCHIMAGE_NAME = LaunchImage;
				GCC_PRECOMPILE_PREFIX_HEADER = YES;
				GCC_PREFIX_HEADER = "poetryapps/poetryapps-Prefix.pch";
				INFOPLIST_FILE = "poetryapps/poetryapps-Info.plist";
				IPHONEOS_DEPLOYMENT_TARGET = 6.0;
				PRODUCT_NAME = "$(TARGET_NAME)";
				WRAPPER_EXTENSION = app;
			};
			name = Debug;
		};
		CB25FD401843972D00F3D980 /* Release */ = {
			isa = XCBuildConfiguration;
			buildSettings = {
				ASSETCATALOG_COMPILER_APPICON_NAME = AppIcon;
				ASSETCATALOG_COMPILER_LAUNCHIMAGE_NAME = LaunchImage;
				GCC_PRECOMPILE_PREFIX_HEADER = YES;
				GCC_PREFIX_HEADER = "poetryapps/poetryapps-Prefix.pch";
				INFOPLIST_FILE = "poetryapps/poetryapps-Info.plist";
				IPHONEOS_DEPLOYMENT_TARGET = 6.0;
				PRODUCT_NAME = "$(TARGET_NAME)";
				WRAPPER_EXTENSION = app;
			};
			name = Release;
		};
		CB25FD421843972D00F3D980 /* Debug */ = {
			isa = XCBuildConfiguration;
			buildSettings = {
				ARCHS = "$(ARCHS_STANDARD_INCLUDING_64_BIT)";
				BUNDLE_LOADER = "$(BUILT_PRODUCTS_DIR)/poetryapps.app/poetryapps";
				FRAMEWORK_SEARCH_PATHS = (
					"$(SDKROOT)/Developer/Library/Frameworks",
					"$(inherited)",
					"$(DEVELOPER_FRAMEWORKS_DIR)",
				);
				GCC_PRECOMPILE_PREFIX_HEADER = YES;
				GCC_PREFIX_HEADER = "poetryapps/poetryapps-Prefix.pch";
				GCC_PREPROCESSOR_DEFINITIONS = (
					"DEBUG=1",
					"$(inherited)",
				);
				INFOPLIST_FILE = "poetryappsTests/poetryappsTests-Info.plist";
				PRODUCT_NAME = "$(TARGET_NAME)";
				TEST_HOST = "$(BUNDLE_LOADER)";
				WRAPPER_EXTENSION = xctest;
			};
			name = Debug;
		};
		CB25FD431843972D00F3D980 /* Release */ = {
			isa = XCBuildConfiguration;
			buildSettings = {
				ARCHS = "$(ARCHS_STANDARD_INCLUDING_64_BIT)";
				BUNDLE_LOADER = "$(BUILT_PRODUCTS_DIR)/poetryapps.app/poetryapps";
				FRAMEWORK_SEARCH_PATHS = (
					"$(SDKROOT)/Developer/Library/Frameworks",
					"$(inherited)",
					"$(DEVELOPER_FRAMEWORKS_DIR)",
				);
				GCC_PRECOMPILE_PREFIX_HEADER = YES;
				GCC_PREFIX_HEADER = "poetryapps/poetryapps-Prefix.pch";
				INFOPLIST_FILE = "poetryappsTests/poetryappsTests-Info.plist";
				PRODUCT_NAME = "$(TARGET_NAME)";
				TEST_HOST = "$(BUNDLE_LOADER)";
				WRAPPER_EXTENSION = xctest;
			};
			name = Release;
		};
/* End XCBuildConfiguration section */

/* Begin XCConfigurationList section */
		CB25FD041843972D00F3D980 /* Build configuration list for PBXProject "poetryapps" */ = {
			isa = XCConfigurationList;
			buildConfigurations = (
				CB25FD3C1843972D00F3D980 /* Debug */,
				CB25FD3D1843972D00F3D980 /* Release */,
			);
			defaultConfigurationIsVisible = 0;
			defaultConfigurationName = Release;
		};
		CB25FD3E1843972D00F3D980 /* Build configuration list for PBXNativeTarget "poetryapps" */ = {
			isa = XCConfigurationList;
			buildConfigurations = (
				CB25FD3F1843972D00F3D980 /* Debug */,
				CB25FD401843972D00F3D980 /* Release */,
			);
			defaultConfigurationIsVisible = 0;
			defaultConfigurationName = Release;
		};
		CB25FD411843972D00F3D980 /* Build configuration list for PBXNativeTarget "poetryappsTests" */ = {
			isa = XCConfigurationList;
			buildConfigurations = (
				CB25FD421843972D00F3D980 /* Debug */,
				CB25FD431843972D00F3D980 /* Release */,
			);
			defaultConfigurationIsVisible = 0;
			defaultConfigurationName = Release;
		};
/* End XCConfigurationList section */

/* Begin XCVersionGroup section */
		10AE670818449E8E00A683E7 /* Poetry.xcdatamodeld */ = {
			isa = XCVersionGroup;
			children = (
				10AE670918449E8E00A683E7 /* Poetry.xcdatamodel */,
			);
			currentVersion = 10AE670918449E8E00A683E7 /* Poetry.xcdatamodel */;
			name = Poetry.xcdatamodeld;
			path = CoreData/Poetry.xcdatamodeld;
			sourceTree = "<group>";
			versionGroupType = wrapper.xcdatamodel;
		};
/* End XCVersionGroup section */
	};
	rootObject = CB25FD011843972D00F3D980 /* Project object */;
}
